// !$*UTF8*$!
{
	archiveVersion = 1;
	classes = {
	};
	objectVersion = 46;
	objects = {

/* Begin PBXBuildFile section */
		99B8910E1D44788A00261A84 /* NewFeatureController.swift in Sources */ = {isa = PBXBuildFile; fileRef = 99B8910D1D44788A00261A84 /* NewFeatureController.swift */; };
		99B891101D447C4100261A84 /* loadingVideo.mp4 in Resources */ = {isa = PBXBuildFile; fileRef = 99B8910F1D447C4100261A84 /* loadingVideo.mp4 */; };
		99B891141D4498DA00261A84 /* TabBarViewController.swift in Sources */ = {isa = PBXBuildFile; fileRef = 99B891131D4498DA00261A84 /* TabBarViewController.swift */; };
		99B891171D44A2C900261A84 /* ChooseViewController.swift in Sources */ = {isa = PBXBuildFile; fileRef = 99B891161D44A2C900261A84 /* ChooseViewController.swift */; };
		99FA8AE01D4469120029E898 /* AppDelegate.swift in Sources */ = {isa = PBXBuildFile; fileRef = 99FA8ADF1D4469120029E898 /* AppDelegate.swift */; };
		99FA8AE51D4469120029E898 /* Main.storyboard in Resources */ = {isa = PBXBuildFile; fileRef = 99FA8AE31D4469120029E898 /* Main.storyboard */; };
		99FA8AE71D4469120029E898 /* Assets.xcassets in Resources */ = {isa = PBXBuildFile; fileRef = 99FA8AE61D4469120029E898 /* Assets.xcassets */; };
		99FA8AEA1D4469120029E898 /* LaunchScreen.storyboard in Resources */ = {isa = PBXBuildFile; fileRef = 99FA8AE81D4469120029E898 /* LaunchScreen.storyboard */; };
		99FA8AF51D4469120029E898 /* WDayDayCookTests.swift in Sources */ = {isa = PBXBuildFile; fileRef = 99FA8AF41D4469120029E898 /* WDayDayCookTests.swift */; };
		99FA8B001D4469120029E898 /* WDayDayCookUITests.swift in Sources */ = {isa = PBXBuildFile; fileRef = 99FA8AFF1D4469120029E898 /* WDayDayCookUITests.swift */; };
		B65D97C1589950090769B5F7 /* Pods_WDayDayCook.framework in Frameworks */ = {isa = PBXBuildFile; fileRef = 34888801C8AEAB4046589C3C /* Pods_WDayDayCook.framework */; };
/* End PBXBuildFile section */

/* Begin PBXContainerItemProxy section */
		99FA8AF11D4469120029E898 /* PBXContainerItemProxy */ = {
			isa = PBXContainerItemProxy;
			containerPortal = 99FA8AD41D4469120029E898 /* Project object */;
			proxyType = 1;
			remoteGlobalIDString = 99FA8ADB1D4469120029E898;
			remoteInfo = WDayDayCook;
		};
		99FA8AFC1D4469120029E898 /* PBXContainerItemProxy */ = {
			isa = PBXContainerItemProxy;
			containerPortal = 99FA8AD41D4469120029E898 /* Project object */;
			proxyType = 1;
			remoteGlobalIDString = 99FA8ADB1D4469120029E898;
			remoteInfo = WDayDayCook;
		};
/* End PBXContainerItemProxy section */

/* Begin PBXFileReference section */
		34888801C8AEAB4046589C3C /* Pods_WDayDayCook.framework */ = {isa = PBXFileReference; explicitFileType = wrapper.framework; includeInIndex = 0; path = Pods_WDayDayCook.framework; sourceTree = BUILT_PRODUCTS_DIR; };
		583DA87A9745822DAFCC763F /* Pods-WDayDayCook.debug.xcconfig */ = {isa = PBXFileReference; includeInIndex = 1; lastKnownFileType = text.xcconfig; name = "Pods-WDayDayCook.debug.xcconfig"; path = "Pods/Target Support Files/Pods-WDayDayCook/Pods-WDayDayCook.debug.xcconfig"; sourceTree = "<group>"; };
		99B8910D1D44788A00261A84 /* NewFeatureController.swift */ = {isa = PBXFileReference; fileEncoding = 4; lastKnownFileType = sourcecode.swift; path = NewFeatureController.swift; sourceTree = "<group>"; };
		99B8910F1D447C4100261A84 /* loadingVideo.mp4 */ = {isa = PBXFileReference; lastKnownFileType = file; path = loadingVideo.mp4; sourceTree = "<group>"; };
		99B891131D4498DA00261A84 /* TabBarViewController.swift */ = {isa = PBXFileReference; fileEncoding = 4; lastKnownFileType = sourcecode.swift; path = TabBarViewController.swift; sourceTree = "<group>"; };
		99B891161D44A2C900261A84 /* ChooseViewController.swift */ = {isa = PBXFileReference; fileEncoding = 4; lastKnownFileType = sourcecode.swift; path = ChooseViewController.swift; sourceTree = "<group>"; };
		99FA8ADC1D4469120029E898 /* WDayDayCook.app */ = {isa = PBXFileReference; explicitFileType = wrapper.application; includeInIndex = 0; path = WDayDayCook.app; sourceTree = BUILT_PRODUCTS_DIR; };
		99FA8ADF1D4469120029E898 /* AppDelegate.swift */ = {isa = PBXFileReference; lastKnownFileType = sourcecode.swift; path = AppDelegate.swift; sourceTree = "<group>"; };
		99FA8AE41D4469120029E898 /* Base */ = {isa = PBXFileReference; lastKnownFileType = file.storyboard; name = Base; path = Base.lproj/Main.storyboard; sourceTree = "<group>"; };
		99FA8AE61D4469120029E898 /* Assets.xcassets */ = {isa = PBXFileReference; lastKnownFileType = folder.assetcatalog; path = Assets.xcassets; sourceTree = "<group>"; };
		99FA8AE91D4469120029E898 /* Base */ = {isa = PBXFileReference; lastKnownFileType = file.storyboard; name = Base; path = Base.lproj/LaunchScreen.storyboard; sourceTree = "<group>"; };
		99FA8AEB1D4469120029E898 /* Info.plist */ = {isa = PBXFileReference; lastKnownFileType = text.plist.xml; path = Info.plist; sourceTree = "<group>"; };
		99FA8AF01D4469120029E898 /* WDayDayCookTests.xctest */ = {isa = PBXFileReference; explicitFileType = wrapper.cfbundle; includeInIndex = 0; path = WDayDayCookTests.xctest; sourceTree = BUILT_PRODUCTS_DIR; };
		99FA8AF41D4469120029E898 /* WDayDayCookTests.swift */ = {isa = PBXFileReference; lastKnownFileType = sourcecode.swift; path = WDayDayCookTests.swift; sourceTree = "<group>"; };
		99FA8AF61D4469120029E898 /* Info.plist */ = {isa = PBXFileReference; lastKnownFileType = text.plist.xml; path = Info.plist; sourceTree = "<group>"; };
		99FA8AFB1D4469120029E898 /* WDayDayCookUITests.xctest */ = {isa = PBXFileReference; explicitFileType = wrapper.cfbundle; includeInIndex = 0; path = WDayDayCookUITests.xctest; sourceTree = BUILT_PRODUCTS_DIR; };
		99FA8AFF1D4469120029E898 /* WDayDayCookUITests.swift */ = {isa = PBXFileReference; lastKnownFileType = sourcecode.swift; path = WDayDayCookUITests.swift; sourceTree = "<group>"; };
		99FA8B011D4469120029E898 /* Info.plist */ = {isa = PBXFileReference; lastKnownFileType = text.plist.xml; path = Info.plist; sourceTree = "<group>"; };
		DE4CED5AAD1A41271F01640C /* Pods-WDayDayCook.release.xcconfig */ = {isa = PBXFileReference; includeInIndex = 1; lastKnownFileType = text.xcconfig; name = "Pods-WDayDayCook.release.xcconfig"; path = "Pods/Target Support Files/Pods-WDayDayCook/Pods-WDayDayCook.release.xcconfig"; sourceTree = "<group>"; };
/* End PBXFileReference section */

/* Begin PBXFrameworksBuildPhase section */
		99FA8AD91D4469120029E898 /* Frameworks */ = {
			isa = PBXFrameworksBuildPhase;
			buildActionMask = 2147483647;
			files = (
				B65D97C1589950090769B5F7 /* Pods_WDayDayCook.framework in Frameworks */,
			);
			runOnlyForDeploymentPostprocessing = 0;
		};
		99FA8AED1D4469120029E898 /* Frameworks */ = {
			isa = PBXFrameworksBuildPhase;
			buildActionMask = 2147483647;
			files = (
			);
			runOnlyForDeploymentPostprocessing = 0;
		};
		99FA8AF81D4469120029E898 /* Frameworks */ = {
			isa = PBXFrameworksBuildPhase;
			buildActionMask = 2147483647;
			files = (
			);
			runOnlyForDeploymentPostprocessing = 0;
		};
/* End PBXFrameworksBuildPhase section */

/* Begin PBXGroup section */
		76C0E20F0E32447499E8844E /* Frameworks */ = {
			isa = PBXGroup;
			children = (
				34888801C8AEAB4046589C3C /* Pods_WDayDayCook.framework */,
			);
			name = Frameworks;
			sourceTree = "<group>";
		};
		98945E70E155EEDA183239AB /* Pods */ = {
			isa = PBXGroup;
			children = (
				583DA87A9745822DAFCC763F /* Pods-WDayDayCook.debug.xcconfig */,
				DE4CED5AAD1A41271F01640C /* Pods-WDayDayCook.release.xcconfig */,
			);
			name = Pods;
			sourceTree = "<group>";
		};
		99B8910C1D44752300261A84 /* NewFeature */ = {
			isa = PBXGroup;
			children = (
				99B8910D1D44788A00261A84 /* NewFeatureController.swift */,
			);
			path = NewFeature;
			sourceTree = "<group>";
		};
		99B891111D4498B600261A84 /* Navigation */ = {
			isa = PBXGroup;
			children = (
			);
			path = Navigation;
			sourceTree = "<group>";
		};
		99B891121D4498B600261A84 /* Tabbar */ = {
			isa = PBXGroup;
			children = (
				99B891131D4498DA00261A84 /* TabBarViewController.swift */,
			);
			path = Tabbar;
			sourceTree = "<group>";
		};
		99B891151D44A27300261A84 /* Choose */ = {
			isa = PBXGroup;
			children = (
				99B891161D44A2C900261A84 /* ChooseViewController.swift */,
			);
			path = Choose;
			sourceTree = "<group>";
		};
		99FA8AD31D4469120029E898 = {
			isa = PBXGroup;
			children = (
				99FA8ADE1D4469120029E898 /* WDayDayCook */,
				99FA8AF31D4469120029E898 /* WDayDayCookTests */,
				99FA8AFE1D4469120029E898 /* WDayDayCookUITests */,
				99FA8ADD1D4469120029E898 /* Products */,
				98945E70E155EEDA183239AB /* Pods */,
				76C0E20F0E32447499E8844E /* Frameworks */,
			);
			sourceTree = "<group>";
		};
		99FA8ADD1D4469120029E898 /* Products */ = {
			isa = PBXGroup;
			children = (
				99FA8ADC1D4469120029E898 /* WDayDayCook.app */,
				99FA8AF01D4469120029E898 /* WDayDayCookTests.xctest */,
				99FA8AFB1D4469120029E898 /* WDayDayCookUITests.xctest */,
			);
			name = Products;
			sourceTree = "<group>";
		};
		99FA8ADE1D4469120029E898 /* WDayDayCook */ = {
			isa = PBXGroup;
			children = (
				99FA8ADF1D4469120029E898 /* AppDelegate.swift */,
				99FA8B0D1D446EEF0029E898 /* Controllers */,
				99FA8B0E1D446EEF0029E898 /* Views */,
				99FA8AE31D4469120029E898 /* Main.storyboard */,
				99FA8AE61D4469120029E898 /* Assets.xcassets */,
				99FA8AE81D4469120029E898 /* LaunchScreen.storyboard */,
				99FA8B0F1D446FD10029E898 /* Supporting Files */,
			);
			path = WDayDayCook;
			sourceTree = "<group>";
		};
		99FA8AF31D4469120029E898 /* WDayDayCookTests */ = {
			isa = PBXGroup;
			children = (
				99FA8AF41D4469120029E898 /* WDayDayCookTests.swift */,
				99FA8AF61D4469120029E898 /* Info.plist */,
			);
			path = WDayDayCookTests;
			sourceTree = "<group>";
		};
		99FA8AFE1D4469120029E898 /* WDayDayCookUITests */ = {
			isa = PBXGroup;
			children = (
				99FA8AFF1D4469120029E898 /* WDayDayCookUITests.swift */,
				99FA8B011D4469120029E898 /* Info.plist */,
			);
			path = WDayDayCookUITests;
			sourceTree = "<group>";
		};
		99FA8B0D1D446EEF0029E898 /* Controllers */ = {
			isa = PBXGroup;
			children = (
				99B891151D44A27300261A84 /* Choose */,
				99B891111D4498B600261A84 /* Navigation */,
				99B891121D4498B600261A84 /* Tabbar */,
				99B8910C1D44752300261A84 /* NewFeature */,
			);
			path = Controllers;
			sourceTree = "<group>";
		};
		99FA8B0E1D446EEF0029E898 /* Views */ = {
			isa = PBXGroup;
			children = (
			);
			path = Views;
			sourceTree = "<group>";
		};
		99FA8B0F1D446FD10029E898 /* Supporting Files */ = {
			isa = PBXGroup;
			children = (
				99B8910F1D447C4100261A84 /* loadingVideo.mp4 */,
				99FA8AEB1D4469120029E898 /* Info.plist */,
			);
			name = "Supporting Files";
			sourceTree = "<group>";
		};
/* End PBXGroup section */

/* Begin PBXNativeTarget section */
		99FA8ADB1D4469120029E898 /* WDayDayCook */ = {
			isa = PBXNativeTarget;
			buildConfigurationList = 99FA8B041D4469120029E898 /* Build configuration list for PBXNativeTarget "WDayDayCook" */;
			buildPhases = (
				0A9A5361CA72E8177AE29972 /* [CP] Check Pods Manifest.lock */,
				99FA8AD81D4469120029E898 /* Sources */,
				99FA8AD91D4469120029E898 /* Frameworks */,
				99FA8ADA1D4469120029E898 /* Resources */,
				CD4C1B4A187555ECFF0D292E /* [CP] Embed Pods Frameworks */,
				2BCB362350F7DE85E4E9207C /* [CP] Copy Pods Resources */,
			);
			buildRules = (
			);
			dependencies = (
			);
			name = WDayDayCook;
			productName = WDayDayCook;
			productReference = 99FA8ADC1D4469120029E898 /* WDayDayCook.app */;
			productType = "com.apple.product-type.application";
		};
		99FA8AEF1D4469120029E898 /* WDayDayCookTests */ = {
			isa = PBXNativeTarget;
			buildConfigurationList = 99FA8B071D4469120029E898 /* Build configuration list for PBXNativeTarget "WDayDayCookTests" */;
			buildPhases = (
				99FA8AEC1D4469120029E898 /* Sources */,
				99FA8AED1D4469120029E898 /* Frameworks */,
				99FA8AEE1D4469120029E898 /* Resources */,
			);
			buildRules = (
			);
			dependencies = (
				99FA8AF21D4469120029E898 /* PBXTargetDependency */,
			);
			name = WDayDayCookTests;
			productName = WDayDayCookTests;
			productReference = 99FA8AF01D4469120029E898 /* WDayDayCookTests.xctest */;
			productType = "com.apple.product-type.bundle.unit-test";
		};
		99FA8AFA1D4469120029E898 /* WDayDayCookUITests */ = {
			isa = PBXNativeTarget;
			buildConfigurationList = 99FA8B0A1D4469120029E898 /* Build configuration list for PBXNativeTarget "WDayDayCookUITests" */;
			buildPhases = (
				99FA8AF71D4469120029E898 /* Sources */,
				99FA8AF81D4469120029E898 /* Frameworks */,
				99FA8AF91D4469120029E898 /* Resources */,
			);
			buildRules = (
			);
			dependencies = (
				99FA8AFD1D4469120029E898 /* PBXTargetDependency */,
			);
			name = WDayDayCookUITests;
			productName = WDayDayCookUITests;
			productReference = 99FA8AFB1D4469120029E898 /* WDayDayCookUITests.xctest */;
			productType = "com.apple.product-type.bundle.ui-testing";
		};
/* End PBXNativeTarget section */

/* Begin PBXProject section */
		99FA8AD41D4469120029E898 /* Project object */ = {
			isa = PBXProject;
			attributes = {
				LastSwiftUpdateCheck = 0730;
				LastUpgradeCheck = 0730;
				ORGANIZATIONNAME = wangju;
				TargetAttributes = {
					99FA8ADB1D4469120029E898 = {
						CreatedOnToolsVersion = 7.3;
						DevelopmentTeam = XCDWEQ56GP;
					};
					99FA8AEF1D4469120029E898 = {
						CreatedOnToolsVersion = 7.3;
						DevelopmentTeam = XCDWEQ56GP;
						TestTargetID = 99FA8ADB1D4469120029E898;
					};
					99FA8AFA1D4469120029E898 = {
						CreatedOnToolsVersion = 7.3;
						DevelopmentTeam = XCDWEQ56GP;
						TestTargetID = 99FA8ADB1D4469120029E898;
					};
				};
			};
			buildConfigurationList = 99FA8AD71D4469120029E898 /* Build configuration list for PBXProject "WDayDayCook" */;
			compatibilityVersion = "Xcode 3.2";
			developmentRegion = English;
			hasScannedForEncodings = 0;
			knownRegions = (
				en,
				Base,
			);
			mainGroup = 99FA8AD31D4469120029E898;
			productRefGroup = 99FA8ADD1D4469120029E898 /* Products */;
			projectDirPath = "";
			projectRoot = "";
			targets = (
				99FA8ADB1D4469120029E898 /* WDayDayCook */,
				99FA8AEF1D4469120029E898 /* WDayDayCookTests */,
				99FA8AFA1D4469120029E898 /* WDayDayCookUITests */,
			);
		};
/* End PBXProject section */

/* Begin PBXResourcesBuildPhase section */
		99FA8ADA1D4469120029E898 /* Resources */ = {
			isa = PBXResourcesBuildPhase;
			buildActionMask = 2147483647;
			files = (
				99B891101D447C4100261A84 /* loadingVideo.mp4 in Resources */,
				99FA8AEA1D4469120029E898 /* LaunchScreen.storyboard in Resources */,
				99FA8AE71D4469120029E898 /* Assets.xcassets in Resources */,
				99FA8AE51D4469120029E898 /* Main.storyboard in Resources */,
			);
			runOnlyForDeploymentPostprocessing = 0;
		};
		99FA8AEE1D4469120029E898 /* Resources */ = {
			isa = PBXResourcesBuildPhase;
			buildActionMask = 2147483647;
			files = (
			);
			runOnlyForDeploymentPostprocessing = 0;
		};
		99FA8AF91D4469120029E898 /* Resources */ = {
			isa = PBXResourcesBuildPhase;
			buildActionMask = 2147483647;
			files = (
			);
			runOnlyForDeploymentPostprocessing = 0;
		};
/* End PBXResourcesBuildPhase section */

/* Begin PBXShellScriptBuildPhase section */
		0A9A5361CA72E8177AE29972 /* [CP] Check Pods Manifest.lock */ = {
			isa = PBXShellScriptBuildPhase;
			buildActionMask = 2147483647;
			files = (
			);
			inputPaths = (
			);
			name = "[CP] Check Pods Manifest.lock";
			outputPaths = (
			);
			runOnlyForDeploymentPostprocessing = 0;
			shellPath = /bin/sh;
			shellScript = "diff \"${PODS_ROOT}/../Podfile.lock\" \"${PODS_ROOT}/Manifest.lock\" > /dev/null\nif [[ $? != 0 ]] ; then\n    cat << EOM\nerror: The sandbox is not in sync with the Podfile.lock. Run 'pod install' or update your CocoaPods installation.\nEOM\n    exit 1\nfi\n";
			showEnvVarsInLog = 0;
		};
		2BCB362350F7DE85E4E9207C /* [CP] Copy Pods Resources */ = {
			isa = PBXShellScriptBuildPhase;
			buildActionMask = 2147483647;
			files = (
			);
			inputPaths = (
			);
			name = "[CP] Copy Pods Resources";
			outputPaths = (
			);
			runOnlyForDeploymentPostprocessing = 0;
			shellPath = /bin/sh;
			shellScript = "\"${SRCROOT}/Pods/Target Support Files/Pods-WDayDayCook/Pods-WDayDayCook-resources.sh\"\n";
			showEnvVarsInLog = 0;
		};
		CD4C1B4A187555ECFF0D292E /* [CP] Embed Pods Frameworks */ = {
			isa = PBXShellScriptBuildPhase;
			buildActionMask = 2147483647;
			files = (
			);
			inputPaths = (
			);
			name = "[CP] Embed Pods Frameworks";
			outputPaths = (
			);
			runOnlyForDeploymentPostprocessing = 0;
			shellPath = /bin/sh;
			shellScript = "\"${SRCROOT}/Pods/Target Support Files/Pods-WDayDayCook/Pods-WDayDayCook-frameworks.sh\"\n";
			showEnvVarsInLog = 0;
		};
/* End PBXShellScriptBuildPhase section */

/* Begin PBXSourcesBuildPhase section */
		99FA8AD81D4469120029E898 /* Sources */ = {
			isa = PBXSourcesBuildPhase;
			buildActionMask = 2147483647;
			files = (
				99FA8AE01D4469120029E898 /* AppDelegate.swift in Sources */,
				99B891171D44A2C900261A84 /* ChooseViewController.swift in Sources */,
				99B891141D4498DA00261A84 /* TabBarViewController.swift in Sources */,
				99B8910E1D44788A00261A84 /* NewFeatureController.swift in Sources */,
			);
			runOnlyForDeploymentPostprocessing = 0;
		};
		99FA8AEC1D4469120029E898 /* Sources */ = {
			isa = PBXSourcesBuildPhase;
			buildActionMask = 2147483647;
			files = (
				99FA8AF51D4469120029E898 /* WDayDayCookTests.swift in Sources */,
			);
			runOnlyForDeploymentPostprocessing = 0;
		};
		99FA8AF71D4469120029E898 /* Sources */ = {
			isa = PBXSourcesBuildPhase;
			buildActionMask = 2147483647;
			files = (
				99FA8B001D4469120029E898 /* WDayDayCookUITests.swift in Sources */,
			);
			runOnlyForDeploymentPostprocessing = 0;
		};
/* End PBXSourcesBuildPhase section */

/* Begin PBXTargetDependency section */
		99FA8AF21D4469120029E898 /* PBXTargetDependency */ = {
			isa = PBXTargetDependency;
			target = 99FA8ADB1D4469120029E898 /* WDayDayCook */;
			targetProxy = 99FA8AF11D4469120029E898 /* PBXContainerItemProxy */;
		};
		99FA8AFD1D4469120029E898 /* PBXTargetDependency */ = {
			isa = PBXTargetDependency;
			target = 99FA8ADB1D4469120029E898 /* WDayDayCook */;
			targetProxy = 99FA8AFC1D4469120029E898 /* PBXContainerItemProxy */;
		};
/* End PBXTargetDependency section */

/* Begin PBXVariantGroup section */
		99FA8AE31D4469120029E898 /* Main.storyboard */ = {
			isa = PBXVariantGroup;
			children = (
				99FA8AE41D4469120029E898 /* Base */,
			);
			name = Main.storyboard;
			sourceTree = "<group>";
		};
		99FA8AE81D4469120029E898 /* LaunchScreen.storyboard */ = {
			isa = PBXVariantGroup;
			children = (
				99FA8AE91D4469120029E898 /* Base */,
			);
			name = LaunchScreen.storyboard;
			sourceTree = "<group>";
		};
/* End PBXVariantGroup section */

/* Begin XCBuildConfiguration section */
		99FA8B021D4469120029E898 /* Debug */ = {
			isa = XCBuildConfiguration;
			buildSettings = {
				ALWAYS_SEARCH_USER_PATHS = NO;
				CLANG_ANALYZER_NONNULL = YES;
				CLANG_CXX_LANGUAGE_STANDARD = "gnu++0x";
				CLANG_CXX_LIBRARY = "libc++";
				CLANG_ENABLE_MODULES = YES;
				CLANG_ENABLE_OBJC_ARC = YES;
				CLANG_WARN_BOOL_CONVERSION = YES;
				CLANG_WARN_CONSTANT_CONVERSION = YES;
				CLANG_WARN_DIRECT_OBJC_ISA_USAGE = YES_ERROR;
				CLANG_WARN_EMPTY_BODY = YES;
				CLANG_WARN_ENUM_CONVERSION = YES;
				CLANG_WARN_INT_CONVERSION = YES;
				CLANG_WARN_OBJC_ROOT_CLASS = YES_ERROR;
				CLANG_WARN_UNREACHABLE_CODE = YES;
				CLANG_WARN__DUPLICATE_METHOD_MATCH = YES;
				"CODE_SIGN_IDENTITY[sdk=iphoneos*]" = "iPhone Developer";
				COPY_PHASE_STRIP = NO;
				DEBUG_INFORMATION_FORMAT = dwarf;
				ENABLE_STRICT_OBJC_MSGSEND = YES;
				ENABLE_TESTABILITY = YES;
				GCC_C_LANGUAGE_STANDARD = gnu99;
				GCC_DYNAMIC_NO_PIC = NO;
				GCC_NO_COMMON_BLOCKS = YES;
				GCC_OPTIMIZATION_LEVEL = 0;
				GCC_PREPROCESSOR_DEFINITIONS = (
					"DEBUG=1",
					"$(inherited)",
				);
				GCC_WARN_64_TO_32_BIT_CONVERSION = YES;
				GCC_WARN_ABOUT_RETURN_TYPE = YES_ERROR;
				GCC_WARN_UNDECLARED_SELECTOR = YES;
				GCC_WARN_UNINITIALIZED_AUTOS = YES_AGGRESSIVE;
				GCC_WARN_UNUSED_FUNCTION = YES;
				GCC_WARN_UNUSED_VARIABLE = YES;
				IPHONEOS_DEPLOYMENT_TARGET = 9.3;
				MTL_ENABLE_DEBUG_INFO = YES;
				ONLY_ACTIVE_ARCH = YES;
				SDKROOT = iphoneos;
				SWIFT_OPTIMIZATION_LEVEL = "-Onone";
			};
			name = Debug;
		};
		99FA8B031D4469120029E898 /* Release */ = {
			isa = XCBuildConfiguration;
			buildSettings = {
				ALWAYS_SEARCH_USER_PATHS = NO;
				CLANG_ANALYZER_NONNULL = YES;
				CLANG_CXX_LANGUAGE_STANDARD = "gnu++0x";
				CLANG_CXX_LIBRARY = "libc++";
				CLANG_ENABLE_MODULES = YES;
				CLANG_ENABLE_OBJC_ARC = YES;
				CLANG_WARN_BOOL_CONVERSION = YES;
				CLANG_WARN_CONSTANT_CONVERSION = YES;
				CLANG_WARN_DIRECT_OBJC_ISA_USAGE = YES_ERROR;
				CLANG_WARN_EMPTY_BODY = YES;
				CLANG_WARN_ENUM_CONVERSION = YES;
				CLANG_WARN_INT_CONVERSION = YES;
				CLANG_WARN_OBJC_ROOT_CLASS = YES_ERROR;
				CLANG_WARN_UNREACHABLE_CODE = YES;
				CLANG_WARN__DUPLICATE_METHOD_MATCH = YES;
				"CODE_SIGN_IDENTITY[sdk=iphoneos*]" = "iPhone Developer";
				COPY_PHASE_STRIP = NO;
				DEBUG_INFORMATION_FORMAT = "dwarf-with-dsym";
				ENABLE_NS_ASSERTIONS = NO;
				ENABLE_STRICT_OBJC_MSGSEND = YES;
				GCC_C_LANGUAGE_STANDARD = gnu99;
				GCC_NO_COMMON_BLOCKS = YES;
				GCC_WARN_64_TO_32_BIT_CONVERSION = YES;
				GCC_WARN_ABOUT_RETURN_TYPE = YES_ERROR;
				GCC_WARN_UNDECLARED_SELECTOR = YES;
				GCC_WARN_UNINITIALIZED_AUTOS = YES_AGGRESSIVE;
				GCC_WARN_UNUSED_FUNCTION = YES;
				GCC_WARN_UNUSED_VARIABLE = YES;
				IPHONEOS_DEPLOYMENT_TARGET = 9.3;
				MTL_ENABLE_DEBUG_INFO = NO;
				SDKROOT = iphoneos;
				VALIDATE_PRODUCT = YES;
			};
			name = Release;
		};
		99FA8B051D4469120029E898 /* Debug */ = {
			isa = XCBuildConfiguration;
			baseConfigurationReference = 583DA87A9745822DAFCC763F /* Pods-WDayDayCook.debug.xcconfig */;
			buildSettings = {
				ASSETCATALOG_COMPILER_APPICON_NAME = AppIcon;
				INFOPLIST_FILE = WDayDayCook/Info.plist;
				IPHONEOS_DEPLOYMENT_TARGET = 8.4;
				LD_RUNPATH_SEARCH_PATHS = "$(inherited) @executable_path/Frameworks";
				PRODUCT_BUNDLE_IDENTIFIER = cn.wjbest.WDayDayCook;
				PRODUCT_NAME = "$(TARGET_NAME)";
			};
			name = Debug;
		};
		99FA8B061D4469120029E898 /* Release */ = {
			isa = XCBuildConfiguration;
			baseConfigurationReference = DE4CED5AAD1A41271F01640C /* Pods-WDayDayCook.release.xcconfig */;
			buildSettings = {
				ASSETCATALOG_COMPILER_APPICON_NAME = AppIcon;
				INFOPLIST_FILE = WDayDayCook/Info.plist;
				IPHONEOS_DEPLOYMENT_TARGET = 8.4;
				LD_RUNPATH_SEARCH_PATHS = "$(inherited) @executable_path/Frameworks";
				PRODUCT_BUNDLE_IDENTIFIER = cn.wjbest.WDayDayCook;
				PRODUCT_NAME = "$(TARGET_NAME)";
			};
			name = Release;
		};
		99FA8B081D4469120029E898 /* Debug */ = {
			isa = XCBuildConfiguration;
			buildSettings = {
				BUNDLE_LOADER = "$(TEST_HOST)";
				INFOPLIST_FILE = WDayDayCookTests/Info.plist;
				LD_RUNPATH_SEARCH_PATHS = "$(inherited) @executable_path/Frameworks @loader_path/Frameworks";
				PRODUCT_BUNDLE_IDENTIFIER = cn.wjbest.WDayDayCookTests;
				PRODUCT_NAME = "$(TARGET_NAME)";
				TEST_HOST = "$(BUILT_PRODUCTS_DIR)/WDayDayCook.app/WDayDayCook";
			};
			name = Debug;
		};
		99FA8B091D4469120029E898 /* Release */ = {
			isa = XCBuildConfiguration;
			buildSettings = {
				BUNDLE_LOADER = "$(TEST_HOST)";
				INFOPLIST_FILE = WDayDayCookTests/Info.plist;
				LD_RUNPATH_SEARCH_PATHS = "$(inherited) @executable_path/Frameworks @loader_path/Frameworks";
				PRODUCT_BUNDLE_IDENTIFIER = cn.wjbest.WDayDayCookTests;
				PRODUCT_NAME = "$(TARGET_NAME)";
				TEST_HOST = "$(BUILT_PRODUCTS_DIR)/WDayDayCook.app/WDayDayCook";
			};
			name = Release;
		};
		99FA8B0B1D4469120029E898 /* Debug */ = {
			isa = XCBuildConfiguration;
			buildSettings = {
				INFOPLIST_FILE = WDayDayCookUITests/Info.plist;
				LD_RUNPATH_SEARCH_PATHS = "$(inherited) @executable_path/Frameworks @loader_path/Frameworks";
				PRODUCT_BUNDLE_IDENTIFIER = cn.wjbest.WDayDayCookUITests;
				PRODUCT_NAME = "$(TARGET_NAME)";
				TEST_TARGET_NAME = WDayDayCook;
			};
			name = Debug;
		};
		99FA8B0C1D4469120029E898 /* Release */ = {
			isa = XCBuildConfiguration;
			buildSettings = {
				INFOPLIST_FILE = WDayDayCookUITests/Info.plist;
				LD_RUNPATH_SEARCH_PATHS = "$(inherited) @executable_path/Frameworks @loader_path/Frameworks";
				PRODUCT_BUNDLE_IDENTIFIER = cn.wjbest.WDayDayCookUITests;
				PRODUCT_NAME = "$(TARGET_NAME)";
				TEST_TARGET_NAME = WDayDayCook;
			};
			name = Release;
		};
/* End XCBuildConfiguration section */

/* Begin XCConfigurationList section */
		99FA8AD71D4469120029E898 /* Build configuration list for PBXProject "WDayDayCook" */ = {
			isa = XCConfigurationList;
			buildConfigurations = (
				99FA8B021D4469120029E898 /* Debug */,
				99FA8B031D4469120029E898 /* Release */,
			);
			defaultConfigurationIsVisible = 0;
			defaultConfigurationName = Release;
		};
		99FA8B041D4469120029E898 /* Build configuration list for PBXNativeTarget "WDayDayCook" */ = {
			isa = XCConfigurationList;
			buildConfigurations = (
				99FA8B051D4469120029E898 /* Debug */,
				99FA8B061D4469120029E898 /* Release */,
			);
			defaultConfigurationIsVisible = 0;
			defaultConfigurationName = Release;
		};
		99FA8B071D4469120029E898 /* Build configuration list for PBXNativeTarget "WDayDayCookTests" */ = {
			isa = XCConfigurationList;
			buildConfigurations = (
				99FA8B081D4469120029E898 /* Debug */,
				99FA8B091D4469120029E898 /* Release */,
			);
			defaultConfigurationIsVisible = 0;
			defaultConfigurationName = Release;
		};
		99FA8B0A1D4469120029E898 /* Build configuration list for PBXNativeTarget "WDayDayCookUITests" */ = {
			isa = XCConfigurationList;
			buildConfigurations = (
				99FA8B0B1D4469120029E898 /* Debug */,
				99FA8B0C1D4469120029E898 /* Release */,
			);
			defaultConfigurationIsVisible = 0;
			defaultConfigurationName = Release;
		};
/* End XCConfigurationList section */
	};
	rootObject = 99FA8AD41D4469120029E898 /* Project object */;
}
