// !$*UTF8*$!
{
	archiveVersion = 1;
	classes = {
	};
	objectVersion = 46;
	objects = {

/* Begin PBXBuildFile section */
		991BA78F1D47058900EE3CFE /* TitleView.swift in Sources */ = {isa = PBXBuildFile; fileRef = 991BA78E1D47058900EE3CFE /* TitleView.swift */; };
		992428881D86AD540065FE6E /* IndicatorTitleView.swift in Sources */ = {isa = PBXBuildFile; fileRef = 992428871D86AD540065FE6E /* IndicatorTitleView.swift */; };
		9924288C1D86B0020065FE6E /* IndicatorButton.swift in Sources */ = {isa = PBXBuildFile; fileRef = 9924288B1D86B0020065FE6E /* IndicatorButton.swift */; };
		9924288E1D86BCA90065FE6E /* Int+Extension.swift in Sources */ = {isa = PBXBuildFile; fileRef = 9924288D1D86BCA90065FE6E /* Int+Extension.swift */; };
		992428901D86DE270065FE6E /* MineCollectionontroller.swift in Sources */ = {isa = PBXBuildFile; fileRef = 9924288F1D86DE270065FE6E /* MineCollectionontroller.swift */; };
		992644D21D4C17FD0039DDEA /* DetailHeaderView.swift in Sources */ = {isa = PBXBuildFile; fileRef = 992644D11D4C17FD0039DDEA /* DetailHeaderView.swift */; };
		992644D51D4C3C3B0039DDEA /* DetailTitleViewCell.swift in Sources */ = {isa = PBXBuildFile; fileRef = 992644D31D4C3C3B0039DDEA /* DetailTitleViewCell.swift */; };
		992644D61D4C3C3B0039DDEA /* DetailTitleViewCell.xib in Resources */ = {isa = PBXBuildFile; fileRef = 992644D41D4C3C3B0039DDEA /* DetailTitleViewCell.xib */; };
		992644D91D4C3C5C0039DDEA /* DetailInfoCell.swift in Sources */ = {isa = PBXBuildFile; fileRef = 992644D71D4C3C5C0039DDEA /* DetailInfoCell.swift */; };
		992644DA1D4C3C5C0039DDEA /* DetailInfoCell.xib in Resources */ = {isa = PBXBuildFile; fileRef = 992644D81D4C3C5C0039DDEA /* DetailInfoCell.xib */; };
		99272ADE1D6709B20059FF4C /* Recipe.swift in Sources */ = {isa = PBXBuildFile; fileRef = 99272ADD1D6709B20059FF4C /* Recipe.swift */; };
		99400D421D6B4DC600E63483 /* UITableView+EmptyDataSet.swift in Sources */ = {isa = PBXBuildFile; fileRef = 99400D411D6B4DC600E63483 /* UITableView+EmptyDataSet.swift */; };
		994556791D503B9F00DDC7A9 /* VenvyVideoSDK.framework in Frameworks */ = {isa = PBXBuildFile; fileRef = 994556761D503B9F00DDC7A9 /* VenvyVideoSDK.framework */; };
		9945567A1D503B9F00DDC7A9 /* VenvyVideoSDKResources.bundle in Resources */ = {isa = PBXBuildFile; fileRef = 994556771D503B9F00DDC7A9 /* VenvyVideoSDKResources.bundle */; };
		9945567B1D503B9F00DDC7A9 /* VideoPlsIVASDKResources.bundle in Resources */ = {isa = PBXBuildFile; fileRef = 994556781D503B9F00DDC7A9 /* VideoPlsIVASDKResources.bundle */; };
		996F847E1D6899CC0052FB96 /* DiscoverViewController.swift in Sources */ = {isa = PBXBuildFile; fileRef = 996F847D1D6899CC0052FB96 /* DiscoverViewController.swift */; };
		996F84811D68A9E70052FB96 /* ThemeRecipe.swift in Sources */ = {isa = PBXBuildFile; fileRef = 996F84801D68A9E70052FB96 /* ThemeRecipe.swift */; };
		999C82B81D4A6CCC00B8EA9E /* ArticleCell.swift in Sources */ = {isa = PBXBuildFile; fileRef = 999C82B01D4A6CCC00B8EA9E /* ArticleCell.swift */; };
		999C82B91D4A6CCC00B8EA9E /* ArticleCell.xib in Resources */ = {isa = PBXBuildFile; fileRef = 999C82B11D4A6CCC00B8EA9E /* ArticleCell.xib */; };
		999C82BA1D4A6CCC00B8EA9E /* BaseTitleViewCell.swift in Sources */ = {isa = PBXBuildFile; fileRef = 999C82B21D4A6CCC00B8EA9E /* BaseTitleViewCell.swift */; };
		999C82C11D4A6E8300B8EA9E /* ShowDetail.storyboard in Resources */ = {isa = PBXBuildFile; fileRef = 999C82C01D4A6E8300B8EA9E /* ShowDetail.storyboard */; };
		999C82DF1D4A709600B8EA9E /* MyCollectionCell.swift in Sources */ = {isa = PBXBuildFile; fileRef = 999C82D81D4A709600B8EA9E /* MyCollectionCell.swift */; };
		999C82E01D4A709600B8EA9E /* RecipeDiscussCell.swift in Sources */ = {isa = PBXBuildFile; fileRef = 999C82D91D4A709600B8EA9E /* RecipeDiscussCell.swift */; };
		999C82E11D4A709600B8EA9E /* RecipeDiscussCell.xib in Resources */ = {isa = PBXBuildFile; fileRef = 999C82DA1D4A709600B8EA9E /* RecipeDiscussCell.xib */; };
		999C82E21D4A709600B8EA9E /* RecipeDiscussListTableViewCell.swift in Sources */ = {isa = PBXBuildFile; fileRef = 999C82DB1D4A709600B8EA9E /* RecipeDiscussListTableViewCell.swift */; };
		999C82E31D4A709600B8EA9E /* ThemeListTableViewCell.swift in Sources */ = {isa = PBXBuildFile; fileRef = 999C82DC1D4A709600B8EA9E /* ThemeListTableViewCell.swift */; };
		999C82E41D4A709600B8EA9E /* ThemeRecommandCell.swift in Sources */ = {isa = PBXBuildFile; fileRef = 999C82DD1D4A709600B8EA9E /* ThemeRecommandCell.swift */; };
		999C82E51D4A709600B8EA9E /* ThemeRecommandCell.xib in Resources */ = {isa = PBXBuildFile; fileRef = 999C82DE1D4A709600B8EA9E /* ThemeRecommandCell.xib */; };
		99A081C61D46302D003FC427 /* CycleScrollView.swift in Sources */ = {isa = PBXBuildFile; fileRef = 99A081C51D46302D003FC427 /* CycleScrollView.swift */; };
		99A081CC1D4662D4003FC427 /* WDAlert.swift in Sources */ = {isa = PBXBuildFile; fileRef = 99A081CB1D4662D4003FC427 /* WDAlert.swift */; };
		99A1FBE01D5DFC6E006D6D2A /* DetailTabbar.swift in Sources */ = {isa = PBXBuildFile; fileRef = 99A1FBDF1D5DFC6E006D6D2A /* DetailTabbar.swift */; };
		99B418A91D75C84600575938 /* UIScrollView+EmptyDataSet.m in Sources */ = {isa = PBXBuildFile; fileRef = 99B418A81D75C84600575938 /* UIScrollView+EmptyDataSet.m */; };
		99B418B01D75DAF000575938 /* UIColor+Extension.swift in Sources */ = {isa = PBXBuildFile; fileRef = 99B418AF1D75DAF000575938 /* UIColor+Extension.swift */; };
		99B8910E1D44788A00261A84 /* NewFeatureController.swift in Sources */ = {isa = PBXBuildFile; fileRef = 99B8910D1D44788A00261A84 /* NewFeatureController.swift */; };
		99B891101D447C4100261A84 /* loadingVideo.mp4 in Resources */ = {isa = PBXBuildFile; fileRef = 99B8910F1D447C4100261A84 /* loadingVideo.mp4 */; };
		99B891141D4498DA00261A84 /* TabBarViewController.swift in Sources */ = {isa = PBXBuildFile; fileRef = 99B891131D4498DA00261A84 /* TabBarViewController.swift */; };
		99B891171D44A2C900261A84 /* ChooseViewController.swift in Sources */ = {isa = PBXBuildFile; fileRef = 99B891161D44A2C900261A84 /* ChooseViewController.swift */; };
		99B891211D44D4C100261A84 /* RefreshConst.swift in Sources */ = {isa = PBXBuildFile; fileRef = 99B891201D44D4C100261A84 /* RefreshConst.swift */; };
		99B891241D44D4CA00261A84 /* RefreshFooterView.swift in Sources */ = {isa = PBXBuildFile; fileRef = 99B891221D44D4CA00261A84 /* RefreshFooterView.swift */; };
		99B891251D44D4CA00261A84 /* RefreshHeaderView.swift in Sources */ = {isa = PBXBuildFile; fileRef = 99B891231D44D4CA00261A84 /* RefreshHeaderView.swift */; };
		99B891271D44D4D600261A84 /* UIScrollView+Refresh.swift in Sources */ = {isa = PBXBuildFile; fileRef = 99B891261D44D4D600261A84 /* UIScrollView+Refresh.swift */; };
		99B891291D44D8D500261A84 /* RefreshBaseView.swift in Sources */ = {isa = PBXBuildFile; fileRef = 99B891281D44D8D500261A84 /* RefreshBaseView.swift */; };
		99B8912B1D44DE9700261A84 /* IndicatorView.swift in Sources */ = {isa = PBXBuildFile; fileRef = 99B8912A1D44DE9700261A84 /* IndicatorView.swift */; };
		99B8912F1D44FC6400261A84 /* ServiceApi.swift in Sources */ = {isa = PBXBuildFile; fileRef = 99B8912E1D44FC6400261A84 /* ServiceApi.swift */; };
		99B891311D44FC7900261A84 /* Router.swift in Sources */ = {isa = PBXBuildFile; fileRef = 99B891301D44FC7900261A84 /* Router.swift */; };
		99B891341D44FD4D00261A84 /* WDConfig.swift in Sources */ = {isa = PBXBuildFile; fileRef = 99B891331D44FD4D00261A84 /* WDConfig.swift */; };
		99B891371D45105D00261A84 /* Models.swift in Sources */ = {isa = PBXBuildFile; fileRef = 99B891361D45105D00261A84 /* Models.swift */; };
		99B89E5A1D501E68009231F9 /* libsqlite3.tbd in Frameworks */ = {isa = PBXBuildFile; fileRef = 99B89E591D501E68009231F9 /* libsqlite3.tbd */; };
		99B89E5C1D501E76009231F9 /* libz.1.1.3.tbd in Frameworks */ = {isa = PBXBuildFile; fileRef = 99B89E5B1D501E76009231F9 /* libz.1.1.3.tbd */; };
		99CD21821D66A547006F75EE /* RecipeViewController.swift in Sources */ = {isa = PBXBuildFile; fileRef = 99CD21811D66A547006F75EE /* RecipeViewController.swift */; };
		99CD21851D66B796006F75EE /* WaterFlowLayout.swift in Sources */ = {isa = PBXBuildFile; fileRef = 99CD21841D66B796006F75EE /* WaterFlowLayout.swift */; };
		99F4409F1D4B4896009E4F95 /* ShowDetailViewController.swift in Sources */ = {isa = PBXBuildFile; fileRef = 99F4409E1D4B4896009E4F95 /* ShowDetailViewController.swift */; };
		99F88DDE1D6841C50036D715 /* myJsf.js in Resources */ = {isa = PBXBuildFile; fileRef = 99F88DDD1D6841C50036D715 /* myJsf.js */; };
		99FA8AE01D4469120029E898 /* AppDelegate.swift in Sources */ = {isa = PBXBuildFile; fileRef = 99FA8ADF1D4469120029E898 /* AppDelegate.swift */; };
		99FA8AE51D4469120029E898 /* Main.storyboard in Resources */ = {isa = PBXBuildFile; fileRef = 99FA8AE31D4469120029E898 /* Main.storyboard */; };
		99FA8AE71D4469120029E898 /* Assets.xcassets in Resources */ = {isa = PBXBuildFile; fileRef = 99FA8AE61D4469120029E898 /* Assets.xcassets */; };
		99FA8AEA1D4469120029E898 /* LaunchScreen.storyboard in Resources */ = {isa = PBXBuildFile; fileRef = 99FA8AE81D4469120029E898 /* LaunchScreen.storyboard */; };
		99FA8AF51D4469120029E898 /* WDayDayCookTests.swift in Sources */ = {isa = PBXBuildFile; fileRef = 99FA8AF41D4469120029E898 /* WDayDayCookTests.swift */; };
		99FA8B001D4469120029E898 /* WDayDayCookUITests.swift in Sources */ = {isa = PBXBuildFile; fileRef = 99FA8AFF1D4469120029E898 /* WDayDayCookUITests.swift */; };
		99FE1F581D69C3590075559F /* ViewController+Extension.swift in Sources */ = {isa = PBXBuildFile; fileRef = 99FE1F571D69C3590075559F /* ViewController+Extension.swift */; };
		99FE1F5B1D69CB2C0075559F /* MineViewController.swift in Sources */ = {isa = PBXBuildFile; fileRef = 99FE1F5A1D69CB2C0075559F /* MineViewController.swift */; };
		99FE1F5D1D69E0640075559F /* CGFloat+Extension.swift in Sources */ = {isa = PBXBuildFile; fileRef = 99FE1F5C1D69E0640075559F /* CGFloat+Extension.swift */; };
		99FE1F5F1D6A00400075559F /* UIScrollView+EmptyDataSet.swift in Sources */ = {isa = PBXBuildFile; fileRef = 99FE1F5E1D6A00400075559F /* UIScrollView+EmptyDataSet.swift */; };
		B65D97C1589950090769B5F7 /* Pods_WDayDayCook.framework in Frameworks */ = {isa = PBXBuildFile; fileRef = 34888801C8AEAB4046589C3C /* Pods_WDayDayCook.framework */; };
/* End PBXBuildFile section */

/* Begin PBXContainerItemProxy section */
		99FA8AF11D4469120029E898 /* PBXContainerItemProxy */ = {
			isa = PBXContainerItemProxy;
			containerPortal = 99FA8AD41D4469120029E898 /* Project object */;
			proxyType = 1;
			remoteGlobalIDString = 99FA8ADB1D4469120029E898;
			remoteInfo = WDayDayCook;
		};
		99FA8AFC1D4469120029E898 /* PBXContainerItemProxy */ = {
			isa = PBXContainerItemProxy;
			containerPortal = 99FA8AD41D4469120029E898 /* Project object */;
			proxyType = 1;
			remoteGlobalIDString = 99FA8ADB1D4469120029E898;
			remoteInfo = WDayDayCook;
		};
/* End PBXContainerItemProxy section */

/* Begin PBXFileReference section */
		34888801C8AEAB4046589C3C /* Pods_WDayDayCook.framework */ = {isa = PBXFileReference; explicitFileType = wrapper.framework; includeInIndex = 0; path = Pods_WDayDayCook.framework; sourceTree = BUILT_PRODUCTS_DIR; };
		583DA87A9745822DAFCC763F /* Pods-WDayDayCook.debug.xcconfig */ = {isa = PBXFileReference; includeInIndex = 1; lastKnownFileType = text.xcconfig; name = "Pods-WDayDayCook.debug.xcconfig"; path = "Pods/Target Support Files/Pods-WDayDayCook/Pods-WDayDayCook.debug.xcconfig"; sourceTree = "<group>"; };
		991BA78E1D47058900EE3CFE /* TitleView.swift */ = {isa = PBXFileReference; fileEncoding = 4; lastKnownFileType = sourcecode.swift; path = TitleView.swift; sourceTree = "<group>"; };
		992428871D86AD540065FE6E /* IndicatorTitleView.swift */ = {isa = PBXFileReference; fileEncoding = 4; lastKnownFileType = sourcecode.swift; path = IndicatorTitleView.swift; sourceTree = "<group>"; };
		9924288B1D86B0020065FE6E /* IndicatorButton.swift */ = {isa = PBXFileReference; fileEncoding = 4; lastKnownFileType = sourcecode.swift; path = IndicatorButton.swift; sourceTree = "<group>"; };
		9924288D1D86BCA90065FE6E /* Int+Extension.swift */ = {isa = PBXFileReference; fileEncoding = 4; lastKnownFileType = sourcecode.swift; path = "Int+Extension.swift"; sourceTree = "<group>"; };
		9924288F1D86DE270065FE6E /* MineCollectionontroller.swift */ = {isa = PBXFileReference; fileEncoding = 4; lastKnownFileType = sourcecode.swift; path = MineCollectionontroller.swift; sourceTree = "<group>"; };
		992644D11D4C17FD0039DDEA /* DetailHeaderView.swift */ = {isa = PBXFileReference; fileEncoding = 4; lastKnownFileType = sourcecode.swift; path = DetailHeaderView.swift; sourceTree = "<group>"; };
		992644D31D4C3C3B0039DDEA /* DetailTitleViewCell.swift */ = {isa = PBXFileReference; fileEncoding = 4; lastKnownFileType = sourcecode.swift; path = DetailTitleViewCell.swift; sourceTree = "<group>"; };
		992644D41D4C3C3B0039DDEA /* DetailTitleViewCell.xib */ = {isa = PBXFileReference; fileEncoding = 4; lastKnownFileType = file.xib; path = DetailTitleViewCell.xib; sourceTree = "<group>"; };
		992644D71D4C3C5C0039DDEA /* DetailInfoCell.swift */ = {isa = PBXFileReference; fileEncoding = 4; lastKnownFileType = sourcecode.swift; path = DetailInfoCell.swift; sourceTree = "<group>"; };
		992644D81D4C3C5C0039DDEA /* DetailInfoCell.xib */ = {isa = PBXFileReference; fileEncoding = 4; lastKnownFileType = file.xib; path = DetailInfoCell.xib; sourceTree = "<group>"; };
		99272ADD1D6709B20059FF4C /* Recipe.swift */ = {isa = PBXFileReference; fileEncoding = 4; lastKnownFileType = sourcecode.swift; path = Recipe.swift; sourceTree = "<group>"; };
		99400D411D6B4DC600E63483 /* UITableView+EmptyDataSet.swift */ = {isa = PBXFileReference; fileEncoding = 4; lastKnownFileType = sourcecode.swift; path = "UITableView+EmptyDataSet.swift"; sourceTree = "<group>"; };
		9945565F1D50395F00DDC7A9 /* BridgeHeader.h */ = {isa = PBXFileReference; fileEncoding = 4; lastKnownFileType = sourcecode.c.h; path = BridgeHeader.h; sourceTree = "<group>"; };
		994556761D503B9F00DDC7A9 /* VenvyVideoSDK.framework */ = {isa = PBXFileReference; lastKnownFileType = wrapper.framework; path = VenvyVideoSDK.framework; sourceTree = "<group>"; };
		994556771D503B9F00DDC7A9 /* VenvyVideoSDKResources.bundle */ = {isa = PBXFileReference; lastKnownFileType = "wrapper.plug-in"; path = VenvyVideoSDKResources.bundle; sourceTree = "<group>"; };
		994556781D503B9F00DDC7A9 /* VideoPlsIVASDKResources.bundle */ = {isa = PBXFileReference; lastKnownFileType = "wrapper.plug-in"; path = VideoPlsIVASDKResources.bundle; sourceTree = "<group>"; };
		996F847D1D6899CC0052FB96 /* DiscoverViewController.swift */ = {isa = PBXFileReference; fileEncoding = 4; lastKnownFileType = sourcecode.swift; path = DiscoverViewController.swift; sourceTree = "<group>"; };
		996F84801D68A9E70052FB96 /* ThemeRecipe.swift */ = {isa = PBXFileReference; fileEncoding = 4; lastKnownFileType = sourcecode.swift; path = ThemeRecipe.swift; sourceTree = "<group>"; };
		999C82B01D4A6CCC00B8EA9E /* ArticleCell.swift */ = {isa = PBXFileReference; fileEncoding = 4; lastKnownFileType = sourcecode.swift; path = ArticleCell.swift; sourceTree = "<group>"; };
		999C82B11D4A6CCC00B8EA9E /* ArticleCell.xib */ = {isa = PBXFileReference; fileEncoding = 4; lastKnownFileType = file.xib; path = ArticleCell.xib; sourceTree = "<group>"; };
		999C82B21D4A6CCC00B8EA9E /* BaseTitleViewCell.swift */ = {isa = PBXFileReference; fileEncoding = 4; lastKnownFileType = sourcecode.swift; path = BaseTitleViewCell.swift; sourceTree = "<group>"; };
		999C82C01D4A6E8300B8EA9E /* ShowDetail.storyboard */ = {isa = PBXFileReference; fileEncoding = 4; lastKnownFileType = file.storyboard; path = ShowDetail.storyboard; sourceTree = "<group>"; };
		999C82D81D4A709600B8EA9E /* MyCollectionCell.swift */ = {isa = PBXFileReference; fileEncoding = 4; lastKnownFileType = sourcecode.swift; path = MyCollectionCell.swift; sourceTree = "<group>"; };
		999C82D91D4A709600B8EA9E /* RecipeDiscussCell.swift */ = {isa = PBXFileReference; fileEncoding = 4; lastKnownFileType = sourcecode.swift; path = RecipeDiscussCell.swift; sourceTree = "<group>"; };
		999C82DA1D4A709600B8EA9E /* RecipeDiscussCell.xib */ = {isa = PBXFileReference; fileEncoding = 4; lastKnownFileType = file.xib; path = RecipeDiscussCell.xib; sourceTree = "<group>"; };
		999C82DB1D4A709600B8EA9E /* RecipeDiscussListTableViewCell.swift */ = {isa = PBXFileReference; fileEncoding = 4; lastKnownFileType = sourcecode.swift; path = RecipeDiscussListTableViewCell.swift; sourceTree = "<group>"; };
		999C82DC1D4A709600B8EA9E /* ThemeListTableViewCell.swift */ = {isa = PBXFileReference; fileEncoding = 4; lastKnownFileType = sourcecode.swift; path = ThemeListTableViewCell.swift; sourceTree = "<group>"; };
		999C82DD1D4A709600B8EA9E /* ThemeRecommandCell.swift */ = {isa = PBXFileReference; fileEncoding = 4; lastKnownFileType = sourcecode.swift; path = ThemeRecommandCell.swift; sourceTree = "<group>"; };
		999C82DE1D4A709600B8EA9E /* ThemeRecommandCell.xib */ = {isa = PBXFileReference; fileEncoding = 4; lastKnownFileType = file.xib; path = ThemeRecommandCell.xib; sourceTree = "<group>"; };
		99A081C51D46302D003FC427 /* CycleScrollView.swift */ = {isa = PBXFileReference; fileEncoding = 4; lastKnownFileType = sourcecode.swift; path = CycleScrollView.swift; sourceTree = "<group>"; };
		99A081CB1D4662D4003FC427 /* WDAlert.swift */ = {isa = PBXFileReference; fileEncoding = 4; lastKnownFileType = sourcecode.swift; path = WDAlert.swift; sourceTree = "<group>"; };
		99A1FBDF1D5DFC6E006D6D2A /* DetailTabbar.swift */ = {isa = PBXFileReference; fileEncoding = 4; lastKnownFileType = sourcecode.swift; path = DetailTabbar.swift; sourceTree = "<group>"; };
		99B418A71D75C84600575938 /* UIScrollView+EmptyDataSet.h */ = {isa = PBXFileReference; fileEncoding = 4; lastKnownFileType = sourcecode.c.h; path = "UIScrollView+EmptyDataSet.h"; sourceTree = "<group>"; };
		99B418A81D75C84600575938 /* UIScrollView+EmptyDataSet.m */ = {isa = PBXFileReference; fileEncoding = 4; lastKnownFileType = sourcecode.c.objc; path = "UIScrollView+EmptyDataSet.m"; sourceTree = "<group>"; };
		99B418AF1D75DAF000575938 /* UIColor+Extension.swift */ = {isa = PBXFileReference; fileEncoding = 4; lastKnownFileType = sourcecode.swift; path = "UIColor+Extension.swift"; sourceTree = "<group>"; };
		99B8910D1D44788A00261A84 /* NewFeatureController.swift */ = {isa = PBXFileReference; fileEncoding = 4; lastKnownFileType = sourcecode.swift; path = NewFeatureController.swift; sourceTree = "<group>"; };
		99B8910F1D447C4100261A84 /* loadingVideo.mp4 */ = {isa = PBXFileReference; lastKnownFileType = file; path = loadingVideo.mp4; sourceTree = "<group>"; };
		99B891131D4498DA00261A84 /* TabBarViewController.swift */ = {isa = PBXFileReference; fileEncoding = 4; lastKnownFileType = sourcecode.swift; path = TabBarViewController.swift; sourceTree = "<group>"; };
		99B891161D44A2C900261A84 /* ChooseViewController.swift */ = {isa = PBXFileReference; fileEncoding = 4; lastKnownFileType = sourcecode.swift; path = ChooseViewController.swift; sourceTree = "<group>"; };
		99B891201D44D4C100261A84 /* RefreshConst.swift */ = {isa = PBXFileReference; fileEncoding = 4; lastKnownFileType = sourcecode.swift; path = RefreshConst.swift; sourceTree = "<group>"; };
		99B891221D44D4CA00261A84 /* RefreshFooterView.swift */ = {isa = PBXFileReference; fileEncoding = 4; lastKnownFileType = sourcecode.swift; path = RefreshFooterView.swift; sourceTree = "<group>"; };
		99B891231D44D4CA00261A84 /* RefreshHeaderView.swift */ = {isa = PBXFileReference; fileEncoding = 4; lastKnownFileType = sourcecode.swift; path = RefreshHeaderView.swift; sourceTree = "<group>"; };
		99B891261D44D4D600261A84 /* UIScrollView+Refresh.swift */ = {isa = PBXFileReference; fileEncoding = 4; lastKnownFileType = sourcecode.swift; path = "UIScrollView+Refresh.swift"; sourceTree = "<group>"; };
		99B891281D44D8D500261A84 /* RefreshBaseView.swift */ = {isa = PBXFileReference; fileEncoding = 4; lastKnownFileType = sourcecode.swift; path = RefreshBaseView.swift; sourceTree = "<group>"; };
		99B8912A1D44DE9700261A84 /* IndicatorView.swift */ = {isa = PBXFileReference; fileEncoding = 4; lastKnownFileType = sourcecode.swift; path = IndicatorView.swift; sourceTree = "<group>"; };
		99B8912E1D44FC6400261A84 /* ServiceApi.swift */ = {isa = PBXFileReference; fileEncoding = 4; lastKnownFileType = sourcecode.swift; path = ServiceApi.swift; sourceTree = "<group>"; };
		99B891301D44FC7900261A84 /* Router.swift */ = {isa = PBXFileReference; fileEncoding = 4; lastKnownFileType = sourcecode.swift; path = Router.swift; sourceTree = "<group>"; };
		99B891331D44FD4D00261A84 /* WDConfig.swift */ = {isa = PBXFileReference; fileEncoding = 4; lastKnownFileType = sourcecode.swift; path = WDConfig.swift; sourceTree = "<group>"; };
		99B891361D45105D00261A84 /* Models.swift */ = {isa = PBXFileReference; fileEncoding = 4; lastKnownFileType = sourcecode.swift; path = Models.swift; sourceTree = "<group>"; };
		99B891381D451BB600261A84 /* WDayDayCook.entitlements */ = {isa = PBXFileReference; lastKnownFileType = text.xml; path = WDayDayCook.entitlements; sourceTree = "<group>"; };
		99B89E591D501E68009231F9 /* libsqlite3.tbd */ = {isa = PBXFileReference; lastKnownFileType = "sourcecode.text-based-dylib-definition"; name = libsqlite3.tbd; path = usr/lib/libsqlite3.tbd; sourceTree = SDKROOT; };
		99B89E5B1D501E76009231F9 /* libz.1.1.3.tbd */ = {isa = PBXFileReference; lastKnownFileType = "sourcecode.text-based-dylib-definition"; name = libz.1.1.3.tbd; path = usr/lib/libz.1.1.3.tbd; sourceTree = SDKROOT; };
		99CD21811D66A547006F75EE /* RecipeViewController.swift */ = {isa = PBXFileReference; fileEncoding = 4; lastKnownFileType = sourcecode.swift; path = RecipeViewController.swift; sourceTree = "<group>"; };
		99CD21841D66B796006F75EE /* WaterFlowLayout.swift */ = {isa = PBXFileReference; fileEncoding = 4; lastKnownFileType = sourcecode.swift; path = WaterFlowLayout.swift; sourceTree = "<group>"; };
		99F4409E1D4B4896009E4F95 /* ShowDetailViewController.swift */ = {isa = PBXFileReference; fileEncoding = 4; lastKnownFileType = sourcecode.swift; name = ShowDetailViewController.swift; path = WDayDayCook/Controllers/ShowDetail/ShowDetailViewController.swift; sourceTree = SOURCE_ROOT; };
		99F88DDD1D6841C50036D715 /* myJsf.js */ = {isa = PBXFileReference; fileEncoding = 4; lastKnownFileType = sourcecode.javascript; path = myJsf.js; sourceTree = "<group>"; };
		99FA8ADC1D4469120029E898 /* WDayDayCook.app */ = {isa = PBXFileReference; explicitFileType = wrapper.application; includeInIndex = 0; path = WDayDayCook.app; sourceTree = BUILT_PRODUCTS_DIR; };
		99FA8ADF1D4469120029E898 /* AppDelegate.swift */ = {isa = PBXFileReference; lastKnownFileType = sourcecode.swift; path = AppDelegate.swift; sourceTree = "<group>"; };
		99FA8AE41D4469120029E898 /* Base */ = {isa = PBXFileReference; lastKnownFileType = file.storyboard; name = Base; path = Base.lproj/Main.storyboard; sourceTree = "<group>"; };
		99FA8AE61D4469120029E898 /* Assets.xcassets */ = {isa = PBXFileReference; lastKnownFileType = folder.assetcatalog; path = Assets.xcassets; sourceTree = "<group>"; };
		99FA8AE91D4469120029E898 /* Base */ = {isa = PBXFileReference; lastKnownFileType = file.storyboard; name = Base; path = Base.lproj/LaunchScreen.storyboard; sourceTree = "<group>"; };
		99FA8AEB1D4469120029E898 /* Info.plist */ = {isa = PBXFileReference; lastKnownFileType = text.plist.xml; path = Info.plist; sourceTree = "<group>"; };
		99FA8AF01D4469120029E898 /* WDayDayCookTests.xctest */ = {isa = PBXFileReference; explicitFileType = wrapper.cfbundle; includeInIndex = 0; path = WDayDayCookTests.xctest; sourceTree = BUILT_PRODUCTS_DIR; };
		99FA8AF41D4469120029E898 /* WDayDayCookTests.swift */ = {isa = PBXFileReference; lastKnownFileType = sourcecode.swift; path = WDayDayCookTests.swift; sourceTree = "<group>"; };
		99FA8AF61D4469120029E898 /* Info.plist */ = {isa = PBXFileReference; lastKnownFileType = text.plist.xml; path = Info.plist; sourceTree = "<group>"; };
		99FA8AFB1D4469120029E898 /* WDayDayCookUITests.xctest */ = {isa = PBXFileReference; explicitFileType = wrapper.cfbundle; includeInIndex = 0; path = WDayDayCookUITests.xctest; sourceTree = BUILT_PRODUCTS_DIR; };
		99FA8AFF1D4469120029E898 /* WDayDayCookUITests.swift */ = {isa = PBXFileReference; lastKnownFileType = sourcecode.swift; path = WDayDayCookUITests.swift; sourceTree = "<group>"; };
		99FA8B011D4469120029E898 /* Info.plist */ = {isa = PBXFileReference; lastKnownFileType = text.plist.xml; path = Info.plist; sourceTree = "<group>"; };
		99FE1F571D69C3590075559F /* ViewController+Extension.swift */ = {isa = PBXFileReference; fileEncoding = 4; lastKnownFileType = sourcecode.swift; path = "ViewController+Extension.swift"; sourceTree = "<group>"; };
		99FE1F5A1D69CB2C0075559F /* MineViewController.swift */ = {isa = PBXFileReference; fileEncoding = 4; lastKnownFileType = sourcecode.swift; path = MineViewController.swift; sourceTree = "<group>"; };
		99FE1F5C1D69E0640075559F /* CGFloat+Extension.swift */ = {isa = PBXFileReference; fileEncoding = 4; lastKnownFileType = sourcecode.swift; path = "CGFloat+Extension.swift"; sourceTree = "<group>"; };
		99FE1F5E1D6A00400075559F /* UIScrollView+EmptyDataSet.swift */ = {isa = PBXFileReference; fileEncoding = 4; lastKnownFileType = sourcecode.swift; path = "UIScrollView+EmptyDataSet.swift"; sourceTree = "<group>"; };
		DE4CED5AAD1A41271F01640C /* Pods-WDayDayCook.release.xcconfig */ = {isa = PBXFileReference; includeInIndex = 1; lastKnownFileType = text.xcconfig; name = "Pods-WDayDayCook.release.xcconfig"; path = "Pods/Target Support Files/Pods-WDayDayCook/Pods-WDayDayCook.release.xcconfig"; sourceTree = "<group>"; };
/* End PBXFileReference section */

/* Begin PBXFrameworksBuildPhase section */
		99FA8AD91D4469120029E898 /* Frameworks */ = {
			isa = PBXFrameworksBuildPhase;
			buildActionMask = 2147483647;
			files = (
				994556791D503B9F00DDC7A9 /* VenvyVideoSDK.framework in Frameworks */,
				99B89E5C1D501E76009231F9 /* libz.1.1.3.tbd in Frameworks */,
				99B89E5A1D501E68009231F9 /* libsqlite3.tbd in Frameworks */,
				B65D97C1589950090769B5F7 /* Pods_WDayDayCook.framework in Frameworks */,
			);
			runOnlyForDeploymentPostprocessing = 0;
		};
		99FA8AED1D4469120029E898 /* Frameworks */ = {
			isa = PBXFrameworksBuildPhase;
			buildActionMask = 2147483647;
			files = (
			);
			runOnlyForDeploymentPostprocessing = 0;
		};
		99FA8AF81D4469120029E898 /* Frameworks */ = {
			isa = PBXFrameworksBuildPhase;
			buildActionMask = 2147483647;
			files = (
			);
			runOnlyForDeploymentPostprocessing = 0;
		};
/* End PBXFrameworksBuildPhase section */

/* Begin PBXGroup section */
		76C0E20F0E32447499E8844E /* Frameworks */ = {
			isa = PBXGroup;
			children = (
				99B89E5B1D501E76009231F9 /* libz.1.1.3.tbd */,
				99B89E591D501E68009231F9 /* libsqlite3.tbd */,
				34888801C8AEAB4046589C3C /* Pods_WDayDayCook.framework */,
			);
			name = Frameworks;
			sourceTree = "<group>";
		};
		98945E70E155EEDA183239AB /* Pods */ = {
			isa = PBXGroup;
			children = (
				583DA87A9745822DAFCC763F /* Pods-WDayDayCook.debug.xcconfig */,
				DE4CED5AAD1A41271F01640C /* Pods-WDayDayCook.release.xcconfig */,
			);
			name = Pods;
			sourceTree = "<group>";
		};
		991BA78B1D47003800EE3CFE /* Cell */ = {
			isa = PBXGroup;
			children = (
				992644CF1D4C13F60039DDEA /* Details */,
				999C82D71D4A709600B8EA9E /* Choose */,
				999C82B01D4A6CCC00B8EA9E /* ArticleCell.swift */,
				999C82B11D4A6CCC00B8EA9E /* ArticleCell.xib */,
				999C82B21D4A6CCC00B8EA9E /* BaseTitleViewCell.swift */,
			);
			path = Cell;
			sourceTree = "<group>";
		};
		992644CF1D4C13F60039DDEA /* Details */ = {
			isa = PBXGroup;
			children = (
				992644D31D4C3C3B0039DDEA /* DetailTitleViewCell.swift */,
				992644D41D4C3C3B0039DDEA /* DetailTitleViewCell.xib */,
				992644D71D4C3C5C0039DDEA /* DetailInfoCell.swift */,
				992644D81D4C3C5C0039DDEA /* DetailInfoCell.xib */,
			);
			path = Details;
			sourceTree = "<group>";
		};
		992644D01D4C17DC0039DDEA /* Details */ = {
			isa = PBXGroup;
			children = (
				992644D11D4C17FD0039DDEA /* DetailHeaderView.swift */,
				99A1FBDF1D5DFC6E006D6D2A /* DetailTabbar.swift */,
			);
			path = Details;
			sourceTree = "<group>";
		};
		99272ADC1D6708430059FF4C /* ObjectMapper */ = {
			isa = PBXGroup;
			children = (
				99272ADD1D6709B20059FF4C /* Recipe.swift */,
				996F84801D68A9E70052FB96 /* ThemeRecipe.swift */,
			);
			name = ObjectMapper;
			sourceTree = "<group>";
		};
		994556751D503B9F00DDC7A9 /* VenvyVideoSDK */ = {
			isa = PBXGroup;
			children = (
				994556761D503B9F00DDC7A9 /* VenvyVideoSDK.framework */,
				994556771D503B9F00DDC7A9 /* VenvyVideoSDKResources.bundle */,
				994556781D503B9F00DDC7A9 /* VideoPlsIVASDKResources.bundle */,
			);
			name = VenvyVideoSDK;
			path = ../../../../Framework/VenvyVideoSDK;
			sourceTree = "<group>";
		};
		996F847C1D6899B30052FB96 /* Discover */ = {
			isa = PBXGroup;
			children = (
				996F847D1D6899CC0052FB96 /* DiscoverViewController.swift */,
			);
			path = Discover;
			sourceTree = "<group>";
		};
		996F847F1D689E7F0052FB96 /* Discover */ = {
			isa = PBXGroup;
			children = (
			);
			path = Discover;
			sourceTree = "<group>";
		};
		999C82D71D4A709600B8EA9E /* Choose */ = {
			isa = PBXGroup;
			children = (
				999C82D81D4A709600B8EA9E /* MyCollectionCell.swift */,
				999C82D91D4A709600B8EA9E /* RecipeDiscussCell.swift */,
				999C82DA1D4A709600B8EA9E /* RecipeDiscussCell.xib */,
				999C82DB1D4A709600B8EA9E /* RecipeDiscussListTableViewCell.swift */,
				999C82DC1D4A709600B8EA9E /* ThemeListTableViewCell.swift */,
				999C82DD1D4A709600B8EA9E /* ThemeRecommandCell.swift */,
				999C82DE1D4A709600B8EA9E /* ThemeRecommandCell.xib */,
			);
			path = Choose;
			sourceTree = "<group>";
		};
		99A081C31D462031003FC427 /* Choose */ = {
			isa = PBXGroup;
			children = (
			);
			path = Choose;
			sourceTree = "<group>";
		};
		99A081C41D463022003FC427 /* Other */ = {
			isa = PBXGroup;
			children = (
				99A081C51D46302D003FC427 /* CycleScrollView.swift */,
				991BA78E1D47058900EE3CFE /* TitleView.swift */,
			);
			path = Other;
			sourceTree = "<group>";
		};
		99A081CA1D4662C6003FC427 /* Helper */ = {
			isa = PBXGroup;
			children = (
				99A081CB1D4662D4003FC427 /* WDAlert.swift */,
			);
			path = Helper;
			sourceTree = "<group>";
		};
		99B418A61D75C84600575938 /* DZNEmptyDataSet */ = {
			isa = PBXGroup;
			children = (
				99B418A71D75C84600575938 /* UIScrollView+EmptyDataSet.h */,
				99B418A81D75C84600575938 /* UIScrollView+EmptyDataSet.m */,
			);
			name = DZNEmptyDataSet;
			path = Source;
			sourceTree = "<group>";
		};
		99B418AA1D75CD3900575938 /* Mine */ = {
			isa = PBXGroup;
			children = (
				992428871D86AD540065FE6E /* IndicatorTitleView.swift */,
				9924288B1D86B0020065FE6E /* IndicatorButton.swift */,
			);
			path = Mine;
			sourceTree = "<group>";
		};
		99B8910C1D44752300261A84 /* NewFeature */ = {
			isa = PBXGroup;
			children = (
				99B8910D1D44788A00261A84 /* NewFeatureController.swift */,
			);
			path = NewFeature;
			sourceTree = "<group>";
		};
		99B891111D4498B600261A84 /* Navigation */ = {
			isa = PBXGroup;
			children = (
			);
			path = Navigation;
			sourceTree = "<group>";
		};
		99B891121D4498B600261A84 /* Tabbar */ = {
			isa = PBXGroup;
			children = (
				99B891131D4498DA00261A84 /* TabBarViewController.swift */,
			);
			path = Tabbar;
			sourceTree = "<group>";
		};
		99B891151D44A27300261A84 /* Choose */ = {
			isa = PBXGroup;
			children = (
				99B891161D44A2C900261A84 /* ChooseViewController.swift */,
			);
			path = Choose;
			sourceTree = "<group>";
		};
		99B891181D44BC7C00261A84 /* PullToRefresh */ = {
			isa = PBXGroup;
			children = (
				99B891201D44D4C100261A84 /* RefreshConst.swift */,
				99B891281D44D8D500261A84 /* RefreshBaseView.swift */,
				99B891221D44D4CA00261A84 /* RefreshFooterView.swift */,
				99B891231D44D4CA00261A84 /* RefreshHeaderView.swift */,
				99B891261D44D4D600261A84 /* UIScrollView+Refresh.swift */,
				99B8912A1D44DE9700261A84 /* IndicatorView.swift */,
			);
			path = PullToRefresh;
			sourceTree = "<group>";
		};
		99B8912C1D44FB8E00261A84 /* Services */ = {
			isa = PBXGroup;
			children = (
				99B8912E1D44FC6400261A84 /* ServiceApi.swift */,
				99B891301D44FC7900261A84 /* Router.swift */,
			);
			path = Services;
			sourceTree = "<group>";
		};
		99B8912D1D44FBCF00261A84 /* SlideView */ = {
			isa = PBXGroup;
			children = (
			);
			path = SlideView;
			sourceTree = "<group>";
		};
		99B891321D44FD3D00261A84 /* Config */ = {
			isa = PBXGroup;
			children = (
				99B891331D44FD4D00261A84 /* WDConfig.swift */,
			);
			path = Config;
			sourceTree = "<group>";
		};
		99B891351D45104F00261A84 /* Models */ = {
			isa = PBXGroup;
			children = (
				99272ADC1D6708430059FF4C /* ObjectMapper */,
				99B891361D45105D00261A84 /* Models.swift */,
			);
			path = Models;
			sourceTree = "<group>";
		};
		99B89E511D501E55009231F9 /* Framework */ = {
			isa = PBXGroup;
			children = (
				994556751D503B9F00DDC7A9 /* VenvyVideoSDK */,
			);
			path = Framework;
			sourceTree = "<group>";
		};
		99CD217D1D66A3DE006F75EE /* Recipe */ = {
			isa = PBXGroup;
			children = (
				99CD21811D66A547006F75EE /* RecipeViewController.swift */,
			);
			path = Recipe;
			sourceTree = "<group>";
		};
		99CD21831D66B779006F75EE /* Extension */ = {
			isa = PBXGroup;
			children = (
				99B418A61D75C84600575938 /* DZNEmptyDataSet */,
				99F88DDC1D68419F0036D715 /* js */,
				99CD21861D66B79F006F75EE /* connlecionViewLayout */,
				99FE1F571D69C3590075559F /* ViewController+Extension.swift */,
				99FE1F5C1D69E0640075559F /* CGFloat+Extension.swift */,
				99FE1F5E1D6A00400075559F /* UIScrollView+EmptyDataSet.swift */,
				99400D411D6B4DC600E63483 /* UITableView+EmptyDataSet.swift */,
				99B418AF1D75DAF000575938 /* UIColor+Extension.swift */,
				9924288D1D86BCA90065FE6E /* Int+Extension.swift */,
			);
			path = Extension;
			sourceTree = "<group>";
		};
		99CD21861D66B79F006F75EE /* connlecionViewLayout */ = {
			isa = PBXGroup;
			children = (
				99CD21841D66B796006F75EE /* WaterFlowLayout.swift */,
			);
			name = connlecionViewLayout;
			sourceTree = "<group>";
		};
		99F4409D1D4B4859009E4F95 /* ShowDetail */ = {
			isa = PBXGroup;
			children = (
				99F4409E1D4B4896009E4F95 /* ShowDetailViewController.swift */,
			);
			name = ShowDetail;
			path = showDetail;
			sourceTree = "<group>";
		};
		99F88DDC1D68419F0036D715 /* js */ = {
			isa = PBXGroup;
			children = (
				99F88DDD1D6841C50036D715 /* myJsf.js */,
			);
			path = js;
			sourceTree = "<group>";
		};
		99FA8AD31D4469120029E898 = {
			isa = PBXGroup;
			children = (
				99FA8ADE1D4469120029E898 /* WDayDayCook */,
				99FA8AF31D4469120029E898 /* WDayDayCookTests */,
				99FA8AFE1D4469120029E898 /* WDayDayCookUITests */,
				99FA8ADD1D4469120029E898 /* Products */,
				98945E70E155EEDA183239AB /* Pods */,
				76C0E20F0E32447499E8844E /* Frameworks */,
			);
			sourceTree = "<group>";
		};
		99FA8ADD1D4469120029E898 /* Products */ = {
			isa = PBXGroup;
			children = (
				99FA8ADC1D4469120029E898 /* WDayDayCook.app */,
				99FA8AF01D4469120029E898 /* WDayDayCookTests.xctest */,
				99FA8AFB1D4469120029E898 /* WDayDayCookUITests.xctest */,
			);
			name = Products;
			sourceTree = "<group>";
		};
		99FA8ADE1D4469120029E898 /* WDayDayCook */ = {
			isa = PBXGroup;
			children = (
				99B891381D451BB600261A84 /* WDayDayCook.entitlements */,
				99FA8ADF1D4469120029E898 /* AppDelegate.swift */,
				9945565F1D50395F00DDC7A9 /* BridgeHeader.h */,
				99CD21831D66B779006F75EE /* Extension */,
				99B89E511D501E55009231F9 /* Framework */,
				99A081CA1D4662C6003FC427 /* Helper */,
				99B891351D45104F00261A84 /* Models */,
				99B891321D44FD3D00261A84 /* Config */,
				99B8912C1D44FB8E00261A84 /* Services */,
				99FA8B0D1D446EEF0029E898 /* Controllers */,
				99FA8B0E1D446EEF0029E898 /* Views */,
				99FA8AE61D4469120029E898 /* Assets.xcassets */,
				99FA8AE81D4469120029E898 /* LaunchScreen.storyboard */,
				99FA8B0F1D446FD10029E898 /* Supporting Files */,
			);
			path = WDayDayCook;
			sourceTree = "<group>";
		};
		99FA8AF31D4469120029E898 /* WDayDayCookTests */ = {
			isa = PBXGroup;
			children = (
				99FA8AF41D4469120029E898 /* WDayDayCookTests.swift */,
				99FA8AF61D4469120029E898 /* Info.plist */,
			);
			path = WDayDayCookTests;
			sourceTree = "<group>";
		};
		99FA8AFE1D4469120029E898 /* WDayDayCookUITests */ = {
			isa = PBXGroup;
			children = (
				99FA8AFF1D4469120029E898 /* WDayDayCookUITests.swift */,
				99FA8B011D4469120029E898 /* Info.plist */,
			);
			path = WDayDayCookUITests;
			sourceTree = "<group>";
		};
		99FA8B0D1D446EEF0029E898 /* Controllers */ = {
			isa = PBXGroup;
			children = (
				99FE1F591D69CB150075559F /* Mine */,
				996F847C1D6899B30052FB96 /* Discover */,
				99CD217D1D66A3DE006F75EE /* Recipe */,
				99F4409D1D4B4859009E4F95 /* ShowDetail */,
				99B891151D44A27300261A84 /* Choose */,
				99B891111D4498B600261A84 /* Navigation */,
				99B891121D4498B600261A84 /* Tabbar */,
				99B8910C1D44752300261A84 /* NewFeature */,
			);
			path = Controllers;
			sourceTree = "<group>";
		};
		99FA8B0E1D446EEF0029E898 /* Views */ = {
			isa = PBXGroup;
			children = (
				99FA8AE31D4469120029E898 /* Main.storyboard */,
				999C82C01D4A6E8300B8EA9E /* ShowDetail.storyboard */,
				99B418AA1D75CD3900575938 /* Mine */,
				996F847F1D689E7F0052FB96 /* Discover */,
				992644D01D4C17DC0039DDEA /* Details */,
				991BA78B1D47003800EE3CFE /* Cell */,
				99A081C41D463022003FC427 /* Other */,
				99A081C31D462031003FC427 /* Choose */,
				99B8912D1D44FBCF00261A84 /* SlideView */,
				99B891181D44BC7C00261A84 /* PullToRefresh */,
			);
			path = Views;
			sourceTree = "<group>";
		};
		99FA8B0F1D446FD10029E898 /* Supporting Files */ = {
			isa = PBXGroup;
			children = (
				99B8910F1D447C4100261A84 /* loadingVideo.mp4 */,
				99FA8AEB1D4469120029E898 /* Info.plist */,
			);
			name = "Supporting Files";
			sourceTree = "<group>";
		};
		99FE1F591D69CB150075559F /* Mine */ = {
			isa = PBXGroup;
			children = (
				99FE1F5A1D69CB2C0075559F /* MineViewController.swift */,
				9924288F1D86DE270065FE6E /* MineCollectionontroller.swift */,
			);
			path = Mine;
			sourceTree = "<group>";
		};
/* End PBXGroup section */

/* Begin PBXNativeTarget section */
		99FA8ADB1D4469120029E898 /* WDayDayCook */ = {
			isa = PBXNativeTarget;
			buildConfigurationList = 99FA8B041D4469120029E898 /* Build configuration list for PBXNativeTarget "WDayDayCook" */;
			buildPhases = (
				0A9A5361CA72E8177AE29972 /* [CP] Check Pods Manifest.lock */,
				99FA8AD81D4469120029E898 /* Sources */,
				99FA8AD91D4469120029E898 /* Frameworks */,
				99FA8ADA1D4469120029E898 /* Resources */,
				CD4C1B4A187555ECFF0D292E /* [CP] Embed Pods Frameworks */,
				2BCB362350F7DE85E4E9207C /* [CP] Copy Pods Resources */,
			);
			buildRules = (
			);
			dependencies = (
			);
			name = WDayDayCook;
			productName = WDayDayCook;
			productReference = 99FA8ADC1D4469120029E898 /* WDayDayCook.app */;
			productType = "com.apple.product-type.application";
		};
		99FA8AEF1D4469120029E898 /* WDayDayCookTests */ = {
			isa = PBXNativeTarget;
			buildConfigurationList = 99FA8B071D4469120029E898 /* Build configuration list for PBXNativeTarget "WDayDayCookTests" */;
			buildPhases = (
				99FA8AEC1D4469120029E898 /* Sources */,
				99FA8AED1D4469120029E898 /* Frameworks */,
				99FA8AEE1D4469120029E898 /* Resources */,
			);
			buildRules = (
			);
			dependencies = (
				99FA8AF21D4469120029E898 /* PBXTargetDependency */,
			);
			name = WDayDayCookTests;
			productName = WDayDayCookTests;
			productReference = 99FA8AF01D4469120029E898 /* WDayDayCookTests.xctest */;
			productType = "com.apple.product-type.bundle.unit-test";
		};
		99FA8AFA1D4469120029E898 /* WDayDayCookUITests */ = {
			isa = PBXNativeTarget;
			buildConfigurationList = 99FA8B0A1D4469120029E898 /* Build configuration list for PBXNativeTarget "WDayDayCookUITests" */;
			buildPhases = (
				99FA8AF71D4469120029E898 /* Sources */,
				99FA8AF81D4469120029E898 /* Frameworks */,
				99FA8AF91D4469120029E898 /* Resources */,
			);
			buildRules = (
			);
			dependencies = (
				99FA8AFD1D4469120029E898 /* PBXTargetDependency */,
			);
			name = WDayDayCookUITests;
			productName = WDayDayCookUITests;
			productReference = 99FA8AFB1D4469120029E898 /* WDayDayCookUITests.xctest */;
			productType = "com.apple.product-type.bundle.ui-testing";
		};
/* End PBXNativeTarget section */

/* Begin PBXProject section */
		99FA8AD41D4469120029E898 /* Project object */ = {
			isa = PBXProject;
			attributes = {
				LastSwiftUpdateCheck = 0730;
				LastUpgradeCheck = 0730;
				ORGANIZATIONNAME = wangju;
				TargetAttributes = {
					99FA8ADB1D4469120029E898 = {
						CreatedOnToolsVersion = 7.3;
						DevelopmentTeam = XCDWEQ56GP;
						SystemCapabilities = {
							com.apple.ApplicationGroups.iOS = {
								enabled = 0;
							};
						};
					};
					99FA8AEF1D4469120029E898 = {
						CreatedOnToolsVersion = 7.3;
						DevelopmentTeam = XCDWEQ56GP;
						TestTargetID = 99FA8ADB1D4469120029E898;
					};
					99FA8AFA1D4469120029E898 = {
						CreatedOnToolsVersion = 7.3;
						DevelopmentTeam = XCDWEQ56GP;
						TestTargetID = 99FA8ADB1D4469120029E898;
					};
				};
			};
			buildConfigurationList = 99FA8AD71D4469120029E898 /* Build configuration list for PBXProject "WDayDayCook" */;
			compatibilityVersion = "Xcode 3.2";
			developmentRegion = English;
			hasScannedForEncodings = 0;
			knownRegions = (
				en,
				Base,
			);
			mainGroup = 99FA8AD31D4469120029E898;
			productRefGroup = 99FA8ADD1D4469120029E898 /* Products */;
			projectDirPath = "";
			projectRoot = "";
			targets = (
				99FA8ADB1D4469120029E898 /* WDayDayCook */,
				99FA8AEF1D4469120029E898 /* WDayDayCookTests */,
				99FA8AFA1D4469120029E898 /* WDayDayCookUITests */,
			);
		};
/* End PBXProject section */

/* Begin PBXResourcesBuildPhase section */
		99FA8ADA1D4469120029E898 /* Resources */ = {
			isa = PBXResourcesBuildPhase;
			buildActionMask = 2147483647;
			files = (
				999C82E51D4A709600B8EA9E /* ThemeRecommandCell.xib in Resources */,
				999C82C11D4A6E8300B8EA9E /* ShowDetail.storyboard in Resources */,
				99B891101D447C4100261A84 /* loadingVideo.mp4 in Resources */,
				992644D61D4C3C3B0039DDEA /* DetailTitleViewCell.xib in Resources */,
				992644DA1D4C3C5C0039DDEA /* DetailInfoCell.xib in Resources */,
				9945567B1D503B9F00DDC7A9 /* VideoPlsIVASDKResources.bundle in Resources */,
				99FA8AEA1D4469120029E898 /* LaunchScreen.storyboard in Resources */,
				99FA8AE71D4469120029E898 /* Assets.xcassets in Resources */,
				9945567A1D503B9F00DDC7A9 /* VenvyVideoSDKResources.bundle in Resources */,
				99F88DDE1D6841C50036D715 /* myJsf.js in Resources */,
				999C82B91D4A6CCC00B8EA9E /* ArticleCell.xib in Resources */,
				999C82E11D4A709600B8EA9E /* RecipeDiscussCell.xib in Resources */,
				99FA8AE51D4469120029E898 /* Main.storyboard in Resources */,
			);
			runOnlyForDeploymentPostprocessing = 0;
		};
		99FA8AEE1D4469120029E898 /* Resources */ = {
			isa = PBXResourcesBuildPhase;
			buildActionMask = 2147483647;
			files = (
			);
			runOnlyForDeploymentPostprocessing = 0;
		};
		99FA8AF91D4469120029E898 /* Resources */ = {
			isa = PBXResourcesBuildPhase;
			buildActionMask = 2147483647;
			files = (
			);
			runOnlyForDeploymentPostprocessing = 0;
		};
/* End PBXResourcesBuildPhase section */

/* Begin PBXShellScriptBuildPhase section */
		0A9A5361CA72E8177AE29972 /* [CP] Check Pods Manifest.lock */ = {
			isa = PBXShellScriptBuildPhase;
			buildActionMask = 2147483647;
			files = (
			);
			inputPaths = (
			);
			name = "[CP] Check Pods Manifest.lock";
			outputPaths = (
			);
			runOnlyForDeploymentPostprocessing = 0;
			shellPath = /bin/sh;
			shellScript = "diff \"${PODS_ROOT}/../Podfile.lock\" \"${PODS_ROOT}/Manifest.lock\" > /dev/null\nif [[ $? != 0 ]] ; then\n    cat << EOM\nerror: The sandbox is not in sync with the Podfile.lock. Run 'pod install' or update your CocoaPods installation.\nEOM\n    exit 1\nfi\n";
			showEnvVarsInLog = 0;
		};
		2BCB362350F7DE85E4E9207C /* [CP] Copy Pods Resources */ = {
			isa = PBXShellScriptBuildPhase;
			buildActionMask = 2147483647;
			files = (
			);
			inputPaths = (
			);
			name = "[CP] Copy Pods Resources";
			outputPaths = (
			);
			runOnlyForDeploymentPostprocessing = 0;
			shellPath = /bin/sh;
			shellScript = "\"${SRCROOT}/Pods/Target Support Files/Pods-WDayDayCook/Pods-WDayDayCook-resources.sh\"\n";
			showEnvVarsInLog = 0;
		};
		CD4C1B4A187555ECFF0D292E /* [CP] Embed Pods Frameworks */ = {
			isa = PBXShellScriptBuildPhase;
			buildActionMask = 2147483647;
			files = (
			);
			inputPaths = (
			);
			name = "[CP] Embed Pods Frameworks";
			outputPaths = (
			);
			runOnlyForDeploymentPostprocessing = 0;
			shellPath = /bin/sh;
			shellScript = "\"${SRCROOT}/Pods/Target Support Files/Pods-WDayDayCook/Pods-WDayDayCook-frameworks.sh\"\n";
			showEnvVarsInLog = 0;
		};
/* End PBXShellScriptBuildPhase section */

/* Begin PBXSourcesBuildPhase section */
		99FA8AD81D4469120029E898 /* Sources */ = {
			isa = PBXSourcesBuildPhase;
			buildActionMask = 2147483647;
			files = (
				99400D421D6B4DC600E63483 /* UITableView+EmptyDataSet.swift in Sources */,
				99FA8AE01D4469120029E898 /* AppDelegate.swift in Sources */,
				99B891211D44D4C100261A84 /* RefreshConst.swift in Sources */,
				992644D91D4C3C5C0039DDEA /* DetailInfoCell.swift in Sources */,
				99FE1F581D69C3590075559F /* ViewController+Extension.swift in Sources */,
				9924288E1D86BCA90065FE6E /* Int+Extension.swift in Sources */,
				99B8912B1D44DE9700261A84 /* IndicatorView.swift in Sources */,
				99F4409F1D4B4896009E4F95 /* ShowDetailViewController.swift in Sources */,
				99B891171D44A2C900261A84 /* ChooseViewController.swift in Sources */,
				99A081C61D46302D003FC427 /* CycleScrollView.swift in Sources */,
				991BA78F1D47058900EE3CFE /* TitleView.swift in Sources */,
				992428881D86AD540065FE6E /* IndicatorTitleView.swift in Sources */,
				999C82B81D4A6CCC00B8EA9E /* ArticleCell.swift in Sources */,
				99FE1F5F1D6A00400075559F /* UIScrollView+EmptyDataSet.swift in Sources */,
				996F84811D68A9E70052FB96 /* ThemeRecipe.swift in Sources */,
				99FE1F5B1D69CB2C0075559F /* MineViewController.swift in Sources */,
				99B418A91D75C84600575938 /* UIScrollView+EmptyDataSet.m in Sources */,
				99B418B01D75DAF000575938 /* UIColor+Extension.swift in Sources */,
				999C82E31D4A709600B8EA9E /* ThemeListTableViewCell.swift in Sources */,
				99B891311D44FC7900261A84 /* Router.swift in Sources */,
				992644D21D4C17FD0039DDEA /* DetailHeaderView.swift in Sources */,
				999C82E01D4A709600B8EA9E /* RecipeDiscussCell.swift in Sources */,
				99B891141D4498DA00261A84 /* TabBarViewController.swift in Sources */,
				99CD21821D66A547006F75EE /* RecipeViewController.swift in Sources */,
				99B891271D44D4D600261A84 /* UIScrollView+Refresh.swift in Sources */,
				99B891251D44D4CA00261A84 /* RefreshHeaderView.swift in Sources */,
				999C82BA1D4A6CCC00B8EA9E /* BaseTitleViewCell.swift in Sources */,
				99B891341D44FD4D00261A84 /* WDConfig.swift in Sources */,
				999C82E21D4A709600B8EA9E /* RecipeDiscussListTableViewCell.swift in Sources */,
				992428901D86DE270065FE6E /* MineCollectionontroller.swift in Sources */,
				99B891241D44D4CA00261A84 /* RefreshFooterView.swift in Sources */,
				99A081CC1D4662D4003FC427 /* WDAlert.swift in Sources */,
				992644D51D4C3C3B0039DDEA /* DetailTitleViewCell.swift in Sources */,
				99FE1F5D1D69E0640075559F /* CGFloat+Extension.swift in Sources */,
				99B8912F1D44FC6400261A84 /* ServiceApi.swift in Sources */,
				99B8910E1D44788A00261A84 /* NewFeatureController.swift in Sources */,
				999C82E41D4A709600B8EA9E /* ThemeRecommandCell.swift in Sources */,
				99B891291D44D8D500261A84 /* RefreshBaseView.swift in Sources */,
				99CD21851D66B796006F75EE /* WaterFlowLayout.swift in Sources */,
				99A1FBE01D5DFC6E006D6D2A /* DetailTabbar.swift in Sources */,
				9924288C1D86B0020065FE6E /* IndicatorButton.swift in Sources */,
				99B891371D45105D00261A84 /* Models.swift in Sources */,
				996F847E1D6899CC0052FB96 /* DiscoverViewController.swift in Sources */,
				999C82DF1D4A709600B8EA9E /* MyCollectionCell.swift in Sources */,
				99272ADE1D6709B20059FF4C /* Recipe.swift in Sources */,
			);
			runOnlyForDeploymentPostprocessing = 0;
		};
		99FA8AEC1D4469120029E898 /* Sources */ = {
			isa = PBXSourcesBuildPhase;
			buildActionMask = 2147483647;
			files = (
				99FA8AF51D4469120029E898 /* WDayDayCookTests.swift in Sources */,
			);
			runOnlyForDeploymentPostprocessing = 0;
		};
		99FA8AF71D4469120029E898 /* Sources */ = {
			isa = PBXSourcesBuildPhase;
			buildActionMask = 2147483647;
			files = (
				99FA8B001D4469120029E898 /* WDayDayCookUITests.swift in Sources */,
			);
			runOnlyForDeploymentPostprocessing = 0;
		};
/* End PBXSourcesBuildPhase section */

/* Begin PBXTargetDependency section */
		99FA8AF21D4469120029E898 /* PBXTargetDependency */ = {
			isa = PBXTargetDependency;
			target = 99FA8ADB1D4469120029E898 /* WDayDayCook */;
			targetProxy = 99FA8AF11D4469120029E898 /* PBXContainerItemProxy */;
		};
		99FA8AFD1D4469120029E898 /* PBXTargetDependency */ = {
			isa = PBXTargetDependency;
			target = 99FA8ADB1D4469120029E898 /* WDayDayCook */;
			targetProxy = 99FA8AFC1D4469120029E898 /* PBXContainerItemProxy */;
		};
/* End PBXTargetDependency section */

/* Begin PBXVariantGroup section */
		99FA8AE31D4469120029E898 /* Main.storyboard */ = {
			isa = PBXVariantGroup;
			children = (
				99FA8AE41D4469120029E898 /* Base */,
			);
			name = Main.storyboard;
			path = ..;
			sourceTree = "<group>";
		};
		99FA8AE81D4469120029E898 /* LaunchScreen.storyboard */ = {
			isa = PBXVariantGroup;
			children = (
				99FA8AE91D4469120029E898 /* Base */,
			);
			name = LaunchScreen.storyboard;
			sourceTree = "<group>";
		};
/* End PBXVariantGroup section */

/* Begin XCBuildConfiguration section */
		99FA8B021D4469120029E898 /* Debug */ = {
			isa = XCBuildConfiguration;
			buildSettings = {
				ALWAYS_SEARCH_USER_PATHS = NO;
				CLANG_ANALYZER_NONNULL = YES;
				CLANG_CXX_LANGUAGE_STANDARD = "gnu++0x";
				CLANG_CXX_LIBRARY = "libc++";
				CLANG_ENABLE_MODULES = YES;
				CLANG_ENABLE_OBJC_ARC = YES;
				CLANG_WARN_BOOL_CONVERSION = YES;
				CLANG_WARN_CONSTANT_CONVERSION = YES;
				CLANG_WARN_DIRECT_OBJC_ISA_USAGE = YES_ERROR;
				CLANG_WARN_EMPTY_BODY = YES;
				CLANG_WARN_ENUM_CONVERSION = YES;
				CLANG_WARN_INT_CONVERSION = YES;
				CLANG_WARN_OBJC_ROOT_CLASS = YES_ERROR;
				CLANG_WARN_UNREACHABLE_CODE = YES;
				CLANG_WARN__DUPLICATE_METHOD_MATCH = YES;
				"CODE_SIGN_IDENTITY[sdk=iphoneos*]" = "iPhone Developer";
				COPY_PHASE_STRIP = NO;
				DEBUG_INFORMATION_FORMAT = dwarf;
				ENABLE_BITCODE = YES;
				ENABLE_STRICT_OBJC_MSGSEND = NO;
				ENABLE_TESTABILITY = YES;
				GCC_C_LANGUAGE_STANDARD = gnu99;
				GCC_DYNAMIC_NO_PIC = NO;
				GCC_NO_COMMON_BLOCKS = YES;
				GCC_OPTIMIZATION_LEVEL = 0;
				GCC_PREPROCESSOR_DEFINITIONS = (
					"DEBUG=1",
					"$(inherited)",
				);
				GCC_WARN_64_TO_32_BIT_CONVERSION = YES;
				GCC_WARN_ABOUT_RETURN_TYPE = YES_ERROR;
				GCC_WARN_UNDECLARED_SELECTOR = YES;
				GCC_WARN_UNINITIALIZED_AUTOS = YES_AGGRESSIVE;
				GCC_WARN_UNUSED_FUNCTION = YES;
				GCC_WARN_UNUSED_VARIABLE = YES;
				IPHONEOS_DEPLOYMENT_TARGET = 9.3;
				MTL_ENABLE_DEBUG_INFO = YES;
				ONLY_ACTIVE_ARCH = YES;
				SDKROOT = iphoneos;
				SWIFT_OPTIMIZATION_LEVEL = "-Onone";
			};
			name = Debug;
		};
		99FA8B031D4469120029E898 /* Release */ = {
			isa = XCBuildConfiguration;
			buildSettings = {
				ALWAYS_SEARCH_USER_PATHS = NO;
				CLANG_ANALYZER_NONNULL = YES;
				CLANG_CXX_LANGUAGE_STANDARD = "gnu++0x";
				CLANG_CXX_LIBRARY = "libc++";
				CLANG_ENABLE_MODULES = YES;
				CLANG_ENABLE_OBJC_ARC = YES;
				CLANG_WARN_BOOL_CONVERSION = YES;
				CLANG_WARN_CONSTANT_CONVERSION = YES;
				CLANG_WARN_DIRECT_OBJC_ISA_USAGE = YES_ERROR;
				CLANG_WARN_EMPTY_BODY = YES;
				CLANG_WARN_ENUM_CONVERSION = YES;
				CLANG_WARN_INT_CONVERSION = YES;
				CLANG_WARN_OBJC_ROOT_CLASS = YES_ERROR;
				CLANG_WARN_UNREACHABLE_CODE = YES;
				CLANG_WARN__DUPLICATE_METHOD_MATCH = YES;
				"CODE_SIGN_IDENTITY[sdk=iphoneos*]" = "iPhone Developer";
				COPY_PHASE_STRIP = NO;
				DEBUG_INFORMATION_FORMAT = "dwarf-with-dsym";
				ENABLE_BITCODE = YES;
				ENABLE_NS_ASSERTIONS = NO;
				ENABLE_STRICT_OBJC_MSGSEND = NO;
				GCC_C_LANGUAGE_STANDARD = gnu99;
				GCC_NO_COMMON_BLOCKS = YES;
				GCC_WARN_64_TO_32_BIT_CONVERSION = YES;
				GCC_WARN_ABOUT_RETURN_TYPE = YES_ERROR;
				GCC_WARN_UNDECLARED_SELECTOR = YES;
				GCC_WARN_UNINITIALIZED_AUTOS = YES_AGGRESSIVE;
				GCC_WARN_UNUSED_FUNCTION = YES;
				GCC_WARN_UNUSED_VARIABLE = YES;
				IPHONEOS_DEPLOYMENT_TARGET = 9.3;
				MTL_ENABLE_DEBUG_INFO = NO;
				SDKROOT = iphoneos;
				VALIDATE_PRODUCT = YES;
			};
			name = Release;
		};
		99FA8B051D4469120029E898 /* Debug */ = {
			isa = XCBuildConfiguration;
			baseConfigurationReference = 583DA87A9745822DAFCC763F /* Pods-WDayDayCook.debug.xcconfig */;
			buildSettings = {
				ASSETCATALOG_COMPILER_APPICON_NAME = AppIcon;
				FRAMEWORK_SEARCH_PATHS = (
					"$(inherited)",
					../../Framework/VenvyVideoSDK,
				);
				INFOPLIST_FILE = WDayDayCook/Info.plist;
				IPHONEOS_DEPLOYMENT_TARGET = 8.4;
				LD_RUNPATH_SEARCH_PATHS = "$(inherited) @executable_path/Frameworks \"$(SRCROOT)/../../Framework/VenvyVideoSDK\"";
				PRODUCT_BUNDLE_IDENTIFIER = cn.wjbest.WDayDayCook;
				PRODUCT_NAME = "$(TARGET_NAME)";
				SWIFT_OBJC_BRIDGING_HEADER = ./WDayDayCook/BridgeHeader.h;
			};
			name = Debug;
		};
		99FA8B061D4469120029E898 /* Release */ = {
			isa = XCBuildConfiguration;
			baseConfigurationReference = DE4CED5AAD1A41271F01640C /* Pods-WDayDayCook.release.xcconfig */;
			buildSettings = {
				ASSETCATALOG_COMPILER_APPICON_NAME = AppIcon;
				FRAMEWORK_SEARCH_PATHS = (
					"$(inherited)",
					../../Framework/VenvyVideoSDK,
				);
				INFOPLIST_FILE = WDayDayCook/Info.plist;
				IPHONEOS_DEPLOYMENT_TARGET = 8.4;
				LD_RUNPATH_SEARCH_PATHS = "$(inherited) @executable_path/Frameworks \"$(SRCROOT)/../../Framework/VenvyVideoSDK\"";
				PRODUCT_BUNDLE_IDENTIFIER = cn.wjbest.WDayDayCook;
				PRODUCT_NAME = "$(TARGET_NAME)";
				SWIFT_OBJC_BRIDGING_HEADER = ./WDayDayCook/BridgeHeader.h;
			};
			name = Release;
		};
		99FA8B081D4469120029E898 /* Debug */ = {
			isa = XCBuildConfiguration;
			buildSettings = {
				BUNDLE_LOADER = "$(TEST_HOST)";
				INFOPLIST_FILE = WDayDayCookTests/Info.plist;
				LD_RUNPATH_SEARCH_PATHS = "$(inherited) @executable_path/Frameworks @loader_path/Frameworks";
				PRODUCT_BUNDLE_IDENTIFIER = cn.wjbest.WDayDayCookTests;
				PRODUCT_NAME = "$(TARGET_NAME)";
				TEST_HOST = "$(BUILT_PRODUCTS_DIR)/WDayDayCook.app/WDayDayCook";
			};
			name = Debug;
		};
		99FA8B091D4469120029E898 /* Release */ = {
			isa = XCBuildConfiguration;
			buildSettings = {
				BUNDLE_LOADER = "$(TEST_HOST)";
				INFOPLIST_FILE = WDayDayCookTests/Info.plist;
				LD_RUNPATH_SEARCH_PATHS = "$(inherited) @executable_path/Frameworks @loader_path/Frameworks";
				PRODUCT_BUNDLE_IDENTIFIER = cn.wjbest.WDayDayCookTests;
				PRODUCT_NAME = "$(TARGET_NAME)";
				TEST_HOST = "$(BUILT_PRODUCTS_DIR)/WDayDayCook.app/WDayDayCook";
			};
			name = Release;
		};
		99FA8B0B1D4469120029E898 /* Debug */ = {
			isa = XCBuildConfiguration;
			buildSettings = {
				INFOPLIST_FILE = WDayDayCookUITests/Info.plist;
				LD_RUNPATH_SEARCH_PATHS = "$(inherited) @executable_path/Frameworks @loader_path/Frameworks";
				PRODUCT_BUNDLE_IDENTIFIER = cn.wjbest.WDayDayCookUITests;
				PRODUCT_NAME = "$(TARGET_NAME)";
				TEST_TARGET_NAME = WDayDayCook;
			};
			name = Debug;
		};
		99FA8B0C1D4469120029E898 /* Release */ = {
			isa = XCBuildConfiguration;
			buildSettings = {
				INFOPLIST_FILE = WDayDayCookUITests/Info.plist;
				LD_RUNPATH_SEARCH_PATHS = "$(inherited) @executable_path/Frameworks @loader_path/Frameworks";
				PRODUCT_BUNDLE_IDENTIFIER = cn.wjbest.WDayDayCookUITests;
				PRODUCT_NAME = "$(TARGET_NAME)";
				TEST_TARGET_NAME = WDayDayCook;
			};
			name = Release;
		};
/* End XCBuildConfiguration section */

/* Begin XCConfigurationList section */
		99FA8AD71D4469120029E898 /* Build configuration list for PBXProject "WDayDayCook" */ = {
			isa = XCConfigurationList;
			buildConfigurations = (
				99FA8B021D4469120029E898 /* Debug */,
				99FA8B031D4469120029E898 /* Release */,
			);
			defaultConfigurationIsVisible = 0;
			defaultConfigurationName = Release;
		};
		99FA8B041D4469120029E898 /* Build configuration list for PBXNativeTarget "WDayDayCook" */ = {
			isa = XCConfigurationList;
			buildConfigurations = (
				99FA8B051D4469120029E898 /* Debug */,
				99FA8B061D4469120029E898 /* Release */,
			);
			defaultConfigurationIsVisible = 0;
			defaultConfigurationName = Release;
		};
		99FA8B071D4469120029E898 /* Build configuration list for PBXNativeTarget "WDayDayCookTests" */ = {
			isa = XCConfigurationList;
			buildConfigurations = (
				99FA8B081D4469120029E898 /* Debug */,
				99FA8B091D4469120029E898 /* Release */,
			);
			defaultConfigurationIsVisible = 0;
			defaultConfigurationName = Release;
		};
		99FA8B0A1D4469120029E898 /* Build configuration list for PBXNativeTarget "WDayDayCookUITests" */ = {
			isa = XCConfigurationList;
			buildConfigurations = (
				99FA8B0B1D4469120029E898 /* Debug */,
				99FA8B0C1D4469120029E898 /* Release */,
			);
			defaultConfigurationIsVisible = 0;
			defaultConfigurationName = Release;
		};
/* End XCConfigurationList section */
	};
	rootObject = 99FA8AD41D4469120029E898 /* Project object */;
}
